# THIS IS AN AUTOGENERATED FILE. DO NOT EDIT THIS FILE DIRECTLY.
# yarn lockfile v1


"@aws-crypto/sha256-browser@5.2.0":
  version "5.2.0"
  resolved "https://registry.yarnpkg.com/@aws-crypto/sha256-browser/-/sha256-browser-5.2.0.tgz#153895ef1dba6f9fce38af550e0ef58988eb649e"
  integrity sha512-AXfN/lGotSQwu6HNcEsIASo7kWXZ5HYWvfOmSNKDsEqC4OashTp8alTmaz+F7TC2L083SFv5RdB+qU3Vs1kZqw==
  dependencies:
    "@aws-crypto/sha256-js" "^5.2.0"
    "@aws-crypto/supports-web-crypto" "^5.2.0"
    "@aws-crypto/util" "^5.2.0"
    "@aws-sdk/types" "^3.222.0"
    "@aws-sdk/util-locate-window" "^3.0.0"
    "@smithy/util-utf8" "^2.0.0"
    tslib "^2.6.2"

"@aws-crypto/sha256-js@5.2.0", "@aws-crypto/sha256-js@^5.2.0":
  version "5.2.0"
  resolved "https://registry.yarnpkg.com/@aws-crypto/sha256-js/-/sha256-js-5.2.0.tgz#c4fdb773fdbed9a664fc1a95724e206cf3860042"
  integrity sha512-FFQQyu7edu4ufvIZ+OadFpHHOt+eSTBaYaki44c+akjg7qZg9oOQeLlk77F6tSYqjDAFClrHJk9tMf0HdVyOvA==
  dependencies:
    "@aws-crypto/util" "^5.2.0"
    "@aws-sdk/types" "^3.222.0"
    tslib "^2.6.2"

"@aws-crypto/supports-web-crypto@^5.2.0":
  version "5.2.0"
  resolved "https://registry.yarnpkg.com/@aws-crypto/supports-web-crypto/-/supports-web-crypto-5.2.0.tgz#a1e399af29269be08e695109aa15da0a07b5b5fb"
  integrity sha512-iAvUotm021kM33eCdNfwIN//F77/IADDSs58i+MDaOqFrVjZo9bAal0NK7HurRuWLLpF1iLX7gbWrjHjeo+YFg==
  dependencies:
    tslib "^2.6.2"

"@aws-crypto/util@^5.2.0":
  version "5.2.0"
  resolved "https://registry.yarnpkg.com/@aws-crypto/util/-/util-5.2.0.tgz#71284c9cffe7927ddadac793c14f14886d3876da"
  integrity sha512-4RkU9EsI6ZpBve5fseQlGNUWKMa1RLPQ1dnjnQoe07ldfIzcsGb5hC5W0Dm7u423KWzawlrpbjXBrXCEv9zazQ==
  dependencies:
    "@aws-sdk/types" "^3.222.0"
    "@smithy/util-utf8" "^2.0.0"
    tslib "^2.6.2"

"@aws-sdk/client-ssm@3.723.0":
  version "3.723.0"
  resolved "https://registry.yarnpkg.com/@aws-sdk/client-ssm/-/client-ssm-3.723.0.tgz#11b6005eb7b66bdf43328867763747490e53edad"
  integrity sha512-me9t6hBZDsKxolpby0B1+9Kp2PMj0t13QvShibRFzWXEOn7jBK/66pkOocPGcMTGHGcDBIOST57ZIwmPSCg8zg==
  dependencies:
    "@aws-crypto/sha256-browser" "5.2.0"
    "@aws-crypto/sha256-js" "5.2.0"
    "@aws-sdk/client-sso-oidc" "3.723.0"
    "@aws-sdk/client-sts" "3.723.0"
    "@aws-sdk/core" "3.723.0"
    "@aws-sdk/credential-provider-node" "3.723.0"
    "@aws-sdk/middleware-host-header" "3.723.0"
    "@aws-sdk/middleware-logger" "3.723.0"
    "@aws-sdk/middleware-recursion-detection" "3.723.0"
    "@aws-sdk/middleware-user-agent" "3.723.0"
    "@aws-sdk/region-config-resolver" "3.723.0"
    "@aws-sdk/types" "3.723.0"
    "@aws-sdk/util-endpoints" "3.723.0"
    "@aws-sdk/util-user-agent-browser" "3.723.0"
    "@aws-sdk/util-user-agent-node" "3.723.0"
    "@smithy/config-resolver" "^4.0.0"
    "@smithy/core" "^3.0.0"
    "@smithy/fetch-http-handler" "^5.0.0"
    "@smithy/hash-node" "^4.0.0"
    "@smithy/invalid-dependency" "^4.0.0"
    "@smithy/middleware-content-length" "^4.0.0"
    "@smithy/middleware-endpoint" "^4.0.0"
    "@smithy/middleware-retry" "^4.0.0"
    "@smithy/middleware-serde" "^4.0.0"
    "@smithy/middleware-stack" "^4.0.0"
    "@smithy/node-config-provider" "^4.0.0"
    "@smithy/node-http-handler" "^4.0.0"
    "@smithy/protocol-http" "^5.0.0"
    "@smithy/smithy-client" "^4.0.0"
    "@smithy/types" "^4.0.0"
    "@smithy/url-parser" "^4.0.0"
    "@smithy/util-base64" "^4.0.0"
    "@smithy/util-body-length-browser" "^4.0.0"
    "@smithy/util-body-length-node" "^4.0.0"
    "@smithy/util-defaults-mode-browser" "^4.0.0"
    "@smithy/util-defaults-mode-node" "^4.0.0"
    "@smithy/util-endpoints" "^3.0.0"
    "@smithy/util-middleware" "^4.0.0"
    "@smithy/util-retry" "^4.0.0"
    "@smithy/util-utf8" "^4.0.0"
    "@smithy/util-waiter" "^4.0.0"
    "@types/uuid" "^9.0.1"
    tslib "^2.6.2"
    uuid "^9.0.1"

"@aws-sdk/client-sso-oidc@3.723.0":
  version "3.723.0"
  resolved "https://registry.yarnpkg.com/@aws-sdk/client-sso-oidc/-/client-sso-oidc-3.723.0.tgz#d2111164c2563dead8c87291f0c6073ebebe1dde"
  integrity sha512-9IH90m4bnHogBctVna2FnXaIGVORncfdxcqeEIovOxjIJJyHDmEAtA7B91dAM4sruddTbVzOYnqfPVst3odCbA==
  dependencies:
    "@aws-crypto/sha256-browser" "5.2.0"
    "@aws-crypto/sha256-js" "5.2.0"
    "@aws-sdk/core" "3.723.0"
    "@aws-sdk/credential-provider-node" "3.723.0"
    "@aws-sdk/middleware-host-header" "3.723.0"
    "@aws-sdk/middleware-logger" "3.723.0"
    "@aws-sdk/middleware-recursion-detection" "3.723.0"
    "@aws-sdk/middleware-user-agent" "3.723.0"
    "@aws-sdk/region-config-resolver" "3.723.0"
    "@aws-sdk/types" "3.723.0"
    "@aws-sdk/util-endpoints" "3.723.0"
    "@aws-sdk/util-user-agent-browser" "3.723.0"
    "@aws-sdk/util-user-agent-node" "3.723.0"
    "@smithy/config-resolver" "^4.0.0"
    "@smithy/core" "^3.0.0"
    "@smithy/fetch-http-handler" "^5.0.0"
    "@smithy/hash-node" "^4.0.0"
    "@smithy/invalid-dependency" "^4.0.0"
    "@smithy/middleware-content-length" "^4.0.0"
    "@smithy/middleware-endpoint" "^4.0.0"
    "@smithy/middleware-retry" "^4.0.0"
    "@smithy/middleware-serde" "^4.0.0"
    "@smithy/middleware-stack" "^4.0.0"
    "@smithy/node-config-provider" "^4.0.0"
    "@smithy/node-http-handler" "^4.0.0"
    "@smithy/protocol-http" "^5.0.0"
    "@smithy/smithy-client" "^4.0.0"
    "@smithy/types" "^4.0.0"
    "@smithy/url-parser" "^4.0.0"
    "@smithy/util-base64" "^4.0.0"
    "@smithy/util-body-length-browser" "^4.0.0"
    "@smithy/util-body-length-node" "^4.0.0"
    "@smithy/util-defaults-mode-browser" "^4.0.0"
    "@smithy/util-defaults-mode-node" "^4.0.0"
    "@smithy/util-endpoints" "^3.0.0"
    "@smithy/util-middleware" "^4.0.0"
    "@smithy/util-retry" "^4.0.0"
    "@smithy/util-utf8" "^4.0.0"
    tslib "^2.6.2"

"@aws-sdk/client-sso@3.723.0":
  version "3.723.0"
  resolved "https://registry.yarnpkg.com/@aws-sdk/client-sso/-/client-sso-3.723.0.tgz#4fb8c88a9cb45456bb84c716d39b0f2638bde395"
  integrity sha512-r1ddZDb8yPmdofX1gQ4m8oqKozgkgVONLlAuSprGObbyMy8bYt1Psxu+GjnwMmgVu3vlF069PHyW1ndrBiL1zA==
  dependencies:
    "@aws-crypto/sha256-browser" "5.2.0"
    "@aws-crypto/sha256-js" "5.2.0"
    "@aws-sdk/core" "3.723.0"
    "@aws-sdk/middleware-host-header" "3.723.0"
    "@aws-sdk/middleware-logger" "3.723.0"
    "@aws-sdk/middleware-recursion-detection" "3.723.0"
    "@aws-sdk/middleware-user-agent" "3.723.0"
    "@aws-sdk/region-config-resolver" "3.723.0"
    "@aws-sdk/types" "3.723.0"
    "@aws-sdk/util-endpoints" "3.723.0"
    "@aws-sdk/util-user-agent-browser" "3.723.0"
    "@aws-sdk/util-user-agent-node" "3.723.0"
    "@smithy/config-resolver" "^4.0.0"
    "@smithy/core" "^3.0.0"
    "@smithy/fetch-http-handler" "^5.0.0"
    "@smithy/hash-node" "^4.0.0"
    "@smithy/invalid-dependency" "^4.0.0"
    "@smithy/middleware-content-length" "^4.0.0"
    "@smithy/middleware-endpoint" "^4.0.0"
    "@smithy/middleware-retry" "^4.0.0"
    "@smithy/middleware-serde" "^4.0.0"
    "@smithy/middleware-stack" "^4.0.0"
    "@smithy/node-config-provider" "^4.0.0"
    "@smithy/node-http-handler" "^4.0.0"
    "@smithy/protocol-http" "^5.0.0"
    "@smithy/smithy-client" "^4.0.0"
    "@smithy/types" "^4.0.0"
    "@smithy/url-parser" "^4.0.0"
    "@smithy/util-base64" "^4.0.0"
    "@smithy/util-body-length-browser" "^4.0.0"
    "@smithy/util-body-length-node" "^4.0.0"
    "@smithy/util-defaults-mode-browser" "^4.0.0"
    "@smithy/util-defaults-mode-node" "^4.0.0"
    "@smithy/util-endpoints" "^3.0.0"
    "@smithy/util-middleware" "^4.0.0"
    "@smithy/util-retry" "^4.0.0"
    "@smithy/util-utf8" "^4.0.0"
    tslib "^2.6.2"

"@aws-sdk/client-sts@3.723.0":
  version "3.723.0"
  resolved "https://registry.yarnpkg.com/@aws-sdk/client-sts/-/client-sts-3.723.0.tgz#18f9f612ce2d77e4e5c2a4c979521daef44e78a5"
  integrity sha512-YyN8x4MI/jMb4LpHsLf+VYqvbColMK8aZeGWVk2fTFsmt8lpTYGaGC1yybSwGX42mZ4W8ucu8SAYSbUraJZEjA==
  dependencies:
    "@aws-crypto/sha256-browser" "5.2.0"
    "@aws-crypto/sha256-js" "5.2.0"
    "@aws-sdk/client-sso-oidc" "3.723.0"
    "@aws-sdk/core" "3.723.0"
    "@aws-sdk/credential-provider-node" "3.723.0"
    "@aws-sdk/middleware-host-header" "3.723.0"
    "@aws-sdk/middleware-logger" "3.723.0"
    "@aws-sdk/middleware-recursion-detection" "3.723.0"
    "@aws-sdk/middleware-user-agent" "3.723.0"
    "@aws-sdk/region-config-resolver" "3.723.0"
    "@aws-sdk/types" "3.723.0"
    "@aws-sdk/util-endpoints" "3.723.0"
    "@aws-sdk/util-user-agent-browser" "3.723.0"
    "@aws-sdk/util-user-agent-node" "3.723.0"
    "@smithy/config-resolver" "^4.0.0"
    "@smithy/core" "^3.0.0"
    "@smithy/fetch-http-handler" "^5.0.0"
    "@smithy/hash-node" "^4.0.0"
    "@smithy/invalid-dependency" "^4.0.0"
    "@smithy/middleware-content-length" "^4.0.0"
    "@smithy/middleware-endpoint" "^4.0.0"
    "@smithy/middleware-retry" "^4.0.0"
    "@smithy/middleware-serde" "^4.0.0"
    "@smithy/middleware-stack" "^4.0.0"
    "@smithy/node-config-provider" "^4.0.0"
    "@smithy/node-http-handler" "^4.0.0"
    "@smithy/protocol-http" "^5.0.0"
    "@smithy/smithy-client" "^4.0.0"
    "@smithy/types" "^4.0.0"
    "@smithy/url-parser" "^4.0.0"
    "@smithy/util-base64" "^4.0.0"
    "@smithy/util-body-length-browser" "^4.0.0"
    "@smithy/util-body-length-node" "^4.0.0"
    "@smithy/util-defaults-mode-browser" "^4.0.0"
    "@smithy/util-defaults-mode-node" "^4.0.0"
    "@smithy/util-endpoints" "^3.0.0"
    "@smithy/util-middleware" "^4.0.0"
    "@smithy/util-retry" "^4.0.0"
    "@smithy/util-utf8" "^4.0.0"
    tslib "^2.6.2"

"@aws-sdk/core@3.723.0":
  version "3.723.0"
  resolved "https://registry.yarnpkg.com/@aws-sdk/core/-/core-3.723.0.tgz#7a441b1362fa22609f80ede42d4e069829b9b4d1"
  integrity sha512-UraXNmvqj3vScSsTkjMwQkhei30BhXlW5WxX6JacMKVtl95c7z0qOXquTWeTalYkFfulfdirUhvSZrl+hcyqTw==
  dependencies:
    "@aws-sdk/types" "3.723.0"
    "@smithy/core" "^3.0.0"
    "@smithy/node-config-provider" "^4.0.0"
    "@smithy/property-provider" "^4.0.0"
    "@smithy/protocol-http" "^5.0.0"
    "@smithy/signature-v4" "^5.0.0"
    "@smithy/smithy-client" "^4.0.0"
    "@smithy/types" "^4.0.0"
    "@smithy/util-middleware" "^4.0.0"
    fast-xml-parser "4.4.1"
    tslib "^2.6.2"

"@aws-sdk/credential-provider-env@3.723.0":
  version "3.723.0"
  resolved "https://registry.yarnpkg.com/@aws-sdk/credential-provider-env/-/credential-provider-env-3.723.0.tgz#7d85014d21ce50f9f6a108c5c673e87c54860eaa"
  integrity sha512-OuH2yULYUHTVDUotBoP/9AEUIJPn81GQ/YBtZLoo2QyezRJ2QiO/1epVtbJlhNZRwXrToLEDmQGA2QfC8c7pbA==
  dependencies:
    "@aws-sdk/core" "3.723.0"
    "@aws-sdk/types" "3.723.0"
    "@smithy/property-provider" "^4.0.0"
    "@smithy/types" "^4.0.0"
    tslib "^2.6.2"

"@aws-sdk/credential-provider-http@3.723.0":
  version "3.723.0"
  resolved "https://registry.yarnpkg.com/@aws-sdk/credential-provider-http/-/credential-provider-http-3.723.0.tgz#3b5db3225bb6dd97fecf22e18c06c3567eb1bce4"
  integrity sha512-DTsKC6xo/kz/ZSs1IcdbQMTgiYbpGTGEd83kngFc1bzmw7AmK92DBZKNZpumf8R/UfSpTcj9zzUUmrWz1kD0eQ==
  dependencies:
    "@aws-sdk/core" "3.723.0"
    "@aws-sdk/types" "3.723.0"
    "@smithy/fetch-http-handler" "^5.0.0"
    "@smithy/node-http-handler" "^4.0.0"
    "@smithy/property-provider" "^4.0.0"
    "@smithy/protocol-http" "^5.0.0"
    "@smithy/smithy-client" "^4.0.0"
    "@smithy/types" "^4.0.0"
    "@smithy/util-stream" "^4.0.0"
    tslib "^2.6.2"

"@aws-sdk/credential-provider-ini@3.723.0":
  version "3.723.0"
  resolved "https://registry.yarnpkg.com/@aws-sdk/credential-provider-ini/-/credential-provider-ini-3.723.0.tgz#3dc8e8d88d0c66a7ba890b5c510ced86fd98c066"
  integrity sha512-fWRLksuSG851e7Iu+ltMrQTM7C/5iI9OkxAmCYblcCetAzjTRmMB2arku0Z83D8edIZEQtOJMt5oQ9KNg43pzg==
  dependencies:
    "@aws-sdk/core" "3.723.0"
    "@aws-sdk/credential-provider-env" "3.723.0"
    "@aws-sdk/credential-provider-http" "3.723.0"
    "@aws-sdk/credential-provider-process" "3.723.0"
    "@aws-sdk/credential-provider-sso" "3.723.0"
    "@aws-sdk/credential-provider-web-identity" "3.723.0"
    "@aws-sdk/types" "3.723.0"
    "@smithy/credential-provider-imds" "^4.0.0"
    "@smithy/property-provider" "^4.0.0"
    "@smithy/shared-ini-file-loader" "^4.0.0"
    "@smithy/types" "^4.0.0"
    tslib "^2.6.2"

"@aws-sdk/credential-provider-node@3.723.0":
  version "3.723.0"
  resolved "https://registry.yarnpkg.com/@aws-sdk/credential-provider-node/-/credential-provider-node-3.723.0.tgz#9e136a8c6df2324ff0d82e18f8ec22181bb0f25b"
  integrity sha512-OyLHt+aY+rkuRejigcxviS5RLUBcqbxhDTSNfP8dp9I+1SP610qRLpTIROvtKwXZssFcATpPfgikFtVYRrihXQ==
  dependencies:
    "@aws-sdk/credential-provider-env" "3.723.0"
    "@aws-sdk/credential-provider-http" "3.723.0"
    "@aws-sdk/credential-provider-ini" "3.723.0"
    "@aws-sdk/credential-provider-process" "3.723.0"
    "@aws-sdk/credential-provider-sso" "3.723.0"
    "@aws-sdk/credential-provider-web-identity" "3.723.0"
    "@aws-sdk/types" "3.723.0"
    "@smithy/credential-provider-imds" "^4.0.0"
    "@smithy/property-provider" "^4.0.0"
    "@smithy/shared-ini-file-loader" "^4.0.0"
    "@smithy/types" "^4.0.0"
    tslib "^2.6.2"

"@aws-sdk/credential-provider-process@3.723.0":
  version "3.723.0"
  resolved "https://registry.yarnpkg.com/@aws-sdk/credential-provider-process/-/credential-provider-process-3.723.0.tgz#32bc55573b0a8f31e69b15939202d266adbbe711"
  integrity sha512-fgupvUjz1+jeoCBA7GMv0L6xEk92IN6VdF4YcFhsgRHlHvNgm7ayaoKQg7pz2JAAhG/3jPX6fp0ASNy+xOhmPA==
  dependencies:
    "@aws-sdk/core" "3.723.0"
    "@aws-sdk/types" "3.723.0"
    "@smithy/property-provider" "^4.0.0"
    "@smithy/shared-ini-file-loader" "^4.0.0"
    "@smithy/types" "^4.0.0"
    tslib "^2.6.2"

"@aws-sdk/credential-provider-sso@3.723.0":
  version "3.723.0"
  resolved "https://registry.yarnpkg.com/@aws-sdk/credential-provider-sso/-/credential-provider-sso-3.723.0.tgz#b05a9bff698de12be9b929802cd85538adfccc36"
  integrity sha512-laCnxrk0pgUegU+ib6rj1/Uv51wei+cH8crvBJddybc8EDn7Qht61tCvBwf3o33qUDC+ZWZZewlpSebf+J+tBw==
  dependencies:
    "@aws-sdk/client-sso" "3.723.0"
    "@aws-sdk/core" "3.723.0"
    "@aws-sdk/token-providers" "3.723.0"
    "@aws-sdk/types" "3.723.0"
    "@smithy/property-provider" "^4.0.0"
    "@smithy/shared-ini-file-loader" "^4.0.0"
    "@smithy/types" "^4.0.0"
    tslib "^2.6.2"

"@aws-sdk/credential-provider-web-identity@3.723.0":
  version "3.723.0"
  resolved "https://registry.yarnpkg.com/@aws-sdk/credential-provider-web-identity/-/credential-provider-web-identity-3.723.0.tgz#5c17ea243b05b4dca0584db597ac68d8509dd754"
  integrity sha512-tl7pojbFbr3qLcOE6xWaNCf1zEfZrIdSJtOPeSXfV/thFMMAvIjgf3YN6Zo1a6cxGee8zrV/C8PgOH33n+Ev/A==
  dependencies:
    "@aws-sdk/core" "3.723.0"
    "@aws-sdk/types" "3.723.0"
    "@smithy/property-provider" "^4.0.0"
    "@smithy/types" "^4.0.0"
    tslib "^2.6.2"

"@aws-sdk/middleware-host-header@3.723.0":
  version "3.723.0"
  resolved "https://registry.yarnpkg.com/@aws-sdk/middleware-host-header/-/middleware-host-header-3.723.0.tgz#f043689755e5b45ee6500b0d0a7090d9b4a864f7"
  integrity sha512-LLVzLvk299pd7v4jN9yOSaWDZDfH0SnBPb6q+FDPaOCMGBY8kuwQso7e/ozIKSmZHRMGO3IZrflasHM+rI+2YQ==
  dependencies:
    "@aws-sdk/types" "3.723.0"
    "@smithy/protocol-http" "^5.0.0"
    "@smithy/types" "^4.0.0"
    tslib "^2.6.2"

"@aws-sdk/middleware-logger@3.723.0":
  version "3.723.0"
  resolved "https://registry.yarnpkg.com/@aws-sdk/middleware-logger/-/middleware-logger-3.723.0.tgz#e8718056fc2d73a0d51308cad20676228be26652"
  integrity sha512-chASQfDG5NJ8s5smydOEnNK7N0gDMyuPbx7dYYcm1t/PKtnVfvWF+DHCTrRC2Ej76gLJVCVizlAJKM8v8Kg3cg==
  dependencies:
    "@aws-sdk/types" "3.723.0"
    "@smithy/types" "^4.0.0"
    tslib "^2.6.2"

"@aws-sdk/middleware-recursion-detection@3.723.0":
  version "3.723.0"
  resolved "https://registry.yarnpkg.com/@aws-sdk/middleware-recursion-detection/-/middleware-recursion-detection-3.723.0.tgz#b4557c7f554492f56eeb0cbf5bc02dac7ef102a8"
  integrity sha512-7usZMtoynT9/jxL/rkuDOFQ0C2mhXl4yCm67Rg7GNTstl67u7w5WN1aIRImMeztaKlw8ExjoTyo6WTs1Kceh7A==
  dependencies:
    "@aws-sdk/types" "3.723.0"
    "@smithy/protocol-http" "^5.0.0"
    "@smithy/types" "^4.0.0"
    tslib "^2.6.2"

"@aws-sdk/middleware-user-agent@3.723.0":
  version "3.723.0"
  resolved "https://registry.yarnpkg.com/@aws-sdk/middleware-user-agent/-/middleware-user-agent-3.723.0.tgz#a989ddebd490e8fa4fc7d3d6f12bd5c81afc7ae7"
  integrity sha512-AY5H2vD3IRElplBO4DCyRMNnOG/4/cb0tsHyLe1HJy0hdUF6eY5z/VVjKJoKbbDk7ui9euyOBWslXxDyLmyPWg==
  dependencies:
    "@aws-sdk/core" "3.723.0"
    "@aws-sdk/types" "3.723.0"
    "@aws-sdk/util-endpoints" "3.723.0"
    "@smithy/core" "^3.0.0"
    "@smithy/protocol-http" "^5.0.0"
    "@smithy/types" "^4.0.0"
    tslib "^2.6.2"

"@aws-sdk/region-config-resolver@3.723.0":
  version "3.723.0"
  resolved "https://registry.yarnpkg.com/@aws-sdk/region-config-resolver/-/region-config-resolver-3.723.0.tgz#07b7ee4788ec7a7f5638bbbe0f9f7565125caf22"
  integrity sha512-tGF/Cvch3uQjZIj34LY2mg8M2Dr4kYG8VU8Yd0dFnB1ybOEOveIK/9ypUo9ycZpB9oO6q01KRe5ijBaxNueUQg==
  dependencies:
    "@aws-sdk/types" "3.723.0"
    "@smithy/node-config-provider" "^4.0.0"
    "@smithy/types" "^4.0.0"
    "@smithy/util-config-provider" "^4.0.0"
    "@smithy/util-middleware" "^4.0.0"
    tslib "^2.6.2"

"@aws-sdk/token-providers@3.723.0":
  version "3.723.0"
  resolved "https://registry.yarnpkg.com/@aws-sdk/token-providers/-/token-providers-3.723.0.tgz#ae173a18783886e592212abb820d28cbdb9d9237"
  integrity sha512-hniWi1x4JHVwKElANh9afKIMUhAutHVBRD8zo6usr0PAoj+Waf220+1ULS74GXtLXAPCiNXl5Og+PHA7xT8ElQ==
  dependencies:
    "@aws-sdk/types" "3.723.0"
    "@smithy/property-provider" "^4.0.0"
    "@smithy/shared-ini-file-loader" "^4.0.0"
    "@smithy/types" "^4.0.0"
    tslib "^2.6.2"

"@aws-sdk/types@3.723.0", "@aws-sdk/types@^3.222.0":
  version "3.723.0"
  resolved "https://registry.yarnpkg.com/@aws-sdk/types/-/types-3.723.0.tgz#f0c5a6024a73470421c469b6c1dd5bc4b8fb851b"
  integrity sha512-LmK3kwiMZG1y5g3LGihT9mNkeNOmwEyPk6HGcJqh0wOSV4QpWoKu2epyKE4MLQNUUlz2kOVbVbOrwmI6ZcteuA==
  dependencies:
    "@smithy/types" "^4.0.0"
    tslib "^2.6.2"

"@aws-sdk/util-endpoints@3.723.0":
  version "3.723.0"
  resolved "https://registry.yarnpkg.com/@aws-sdk/util-endpoints/-/util-endpoints-3.723.0.tgz#de645ddebf29e40582a651351935bdf995820a94"
  integrity sha512-vR1ZfAUvrTtdA1Q78QxgR8TFgi2gzk+N4EmNjbyR5hHmeOXuaKRdhbNQAzLPYVe1aNUpoiy9cl8mWkg9SrNHBw==
  dependencies:
    "@aws-sdk/types" "3.723.0"
    "@smithy/types" "^4.0.0"
    "@smithy/util-endpoints" "^3.0.0"
    tslib "^2.6.2"

"@aws-sdk/util-locate-window@^3.0.0":
  version "3.310.0"
  resolved "https://registry.yarnpkg.com/@aws-sdk/util-locate-window/-/util-locate-window-3.310.0.tgz#b071baf050301adee89051032bd4139bba32cc40"
  integrity sha512-qo2t/vBTnoXpjKxlsC2e1gBrRm80M3bId27r0BRB2VniSSe7bL1mmzM+/HFtujm0iAxtPM+aLEflLJlJeDPg0w==
  dependencies:
    tslib "^2.5.0"

"@aws-sdk/util-user-agent-browser@3.723.0":
  version "3.723.0"
  resolved "https://registry.yarnpkg.com/@aws-sdk/util-user-agent-browser/-/util-user-agent-browser-3.723.0.tgz#64b0b4413c1be1585f95c3e2606429cc9f86df83"
  integrity sha512-Wh9I6j2jLhNFq6fmXydIpqD1WyQLyTfSxjW9B+PXSnPyk3jtQW8AKQur7p97rO8LAUzVI0bv8kb3ZzDEVbquIg==
  dependencies:
    "@aws-sdk/types" "3.723.0"
    "@smithy/types" "^4.0.0"
    bowser "^2.11.0"
    tslib "^2.6.2"

"@aws-sdk/util-user-agent-node@3.723.0":
  version "3.723.0"
  resolved "https://registry.yarnpkg.com/@aws-sdk/util-user-agent-node/-/util-user-agent-node-3.723.0.tgz#289831fd85edce37eb600caea84d12456a8a997c"
  integrity sha512-uCtW5sGq8jCwA9w57TvVRIwNnPbSDD1lJaTIgotf7Jit2bTrYR64thgMy/drL5yU5aHOdFIQljqn/5aDXLtTJw==
  dependencies:
    "@aws-sdk/middleware-user-agent" "3.723.0"
    "@aws-sdk/types" "3.723.0"
    "@smithy/node-config-provider" "^4.0.0"
    "@smithy/types" "^4.0.0"
    tslib "^2.6.2"

"@smithy/abort-controller@^4.0.0":
  version "4.0.0"
  resolved "https://registry.yarnpkg.com/@smithy/abort-controller/-/abort-controller-4.0.0.tgz#c28e4e39191fde8ce93a595cd89f646dcb597632"
  integrity sha512-xFNL1ZfluscKiVI0qlPEnu7pL1UgNNIzQdjTPkaO7JCJtIkbArPYNtqbxohuNaQdksJ01Tn1wLbDA5oIp62P8w==
  dependencies:
    "@smithy/types" "^4.0.0"
    tslib "^2.6.2"

"@smithy/config-resolver@^4.0.0":
  version "4.0.0"
  resolved "https://registry.yarnpkg.com/@smithy/config-resolver/-/config-resolver-4.0.0.tgz#0f24a0f47fcbc8749bf5cb0cbfa19a291073bd59"
  integrity sha512-29pIDlUY/a9+ChJPAarPiD9cU8fBtBh0wFnmnhj7j5AhgMzc+uyXdfzmziH6xx2jzw54waSP3HfnFkTANZuPYA==
  dependencies:
    "@smithy/node-config-provider" "^4.0.0"
    "@smithy/types" "^4.0.0"
    "@smithy/util-config-provider" "^4.0.0"
    "@smithy/util-middleware" "^4.0.0"
    tslib "^2.6.2"

"@smithy/core@^3.0.0":
  version "3.0.0"
  resolved "https://registry.yarnpkg.com/@smithy/core/-/core-3.0.0.tgz#087f4da0100b824b6ec8b8c2ef74f6decdd61ce2"
  integrity sha512-pKaas7RWvPljJ8uByCeBa10rtbVJCy4N/Fr7OSPxFezcyG0SQuXWnESZqzXj7m2+A+kPzG6fKyP4wrKidl2Ikg==
  dependencies:
    "@smithy/middleware-serde" "^4.0.0"
    "@smithy/protocol-http" "^5.0.0"
    "@smithy/types" "^4.0.0"
    "@smithy/util-body-length-browser" "^4.0.0"
    "@smithy/util-middleware" "^4.0.0"
    "@smithy/util-stream" "^4.0.0"
    "@smithy/util-utf8" "^4.0.0"
    tslib "^2.6.2"

"@smithy/credential-provider-imds@^4.0.0":
  version "4.0.0"
  resolved "https://registry.yarnpkg.com/@smithy/credential-provider-imds/-/credential-provider-imds-4.0.0.tgz#3fbee0d9203462a195cc3e9ac886907e997c38a0"
  integrity sha512-+hTShyZHiq2AVFOxJja3k6O17DKU6TaZbwr2y1OH5HQtUw2a+7O3mMR+10LVmc39ef72SAj+uFX0IW9rJGaLQQ==
  dependencies:
    "@smithy/node-config-provider" "^4.0.0"
    "@smithy/property-provider" "^4.0.0"
    "@smithy/types" "^4.0.0"
    "@smithy/url-parser" "^4.0.0"
    tslib "^2.6.2"

"@smithy/fetch-http-handler@^5.0.0":
  version "5.0.0"
  resolved "https://registry.yarnpkg.com/@smithy/fetch-http-handler/-/fetch-http-handler-5.0.0.tgz#f432a59e9fd6a066364e7159914e2fec0e475632"
  integrity sha512-jUEq+4056uqsDLRqQb1fm48rrSMBYcBxVvODfiP37ORcV5n9xWJQsINWcIffyYxWTM5K0Y/GOfhSQGDtWpAPpQ==
  dependencies:
    "@smithy/protocol-http" "^5.0.0"
    "@smithy/querystring-builder" "^4.0.0"
    "@smithy/types" "^4.0.0"
    "@smithy/util-base64" "^4.0.0"
    tslib "^2.6.2"

"@smithy/hash-node@^4.0.0":
  version "4.0.0"
  resolved "https://registry.yarnpkg.com/@smithy/hash-node/-/hash-node-4.0.0.tgz#1f6244f830f80ce196966e8ad4578bd60d1057d1"
  integrity sha512-25OxGYGnG3JPEOTk4iFE03bfmoC6GXUQ4L13z4cNdsS3mkncH22AGSDRfKwwEqutNUxXQZWVy9f72Fm59C9qlg==
  dependencies:
    "@smithy/types" "^4.0.0"
    "@smithy/util-buffer-from" "^4.0.0"
    "@smithy/util-utf8" "^4.0.0"
    tslib "^2.6.2"

"@smithy/invalid-dependency@^4.0.0":
  version "4.0.0"
  resolved "https://registry.yarnpkg.com/@smithy/invalid-dependency/-/invalid-dependency-4.0.0.tgz#69180b347b122b1ae46691697d0eb5ff8ed777ff"
  integrity sha512-0GTyet02HX/sPctEhOExY+3HI7hwkVwOoJg0XnItTJ+Xw7JMuL9FOxALTmKVIV6+wg0kF6veLeg72hVSbD9UCw==
  dependencies:
    "@smithy/types" "^4.0.0"
    tslib "^2.6.2"

"@smithy/is-array-buffer@^2.2.0":
  version "2.2.0"
  resolved "https://registry.yarnpkg.com/@smithy/is-array-buffer/-/is-array-buffer-2.2.0.tgz#f84f0d9f9a36601a9ca9381688bd1b726fd39111"
  integrity sha512-GGP3O9QFD24uGeAXYUjwSTXARoqpZykHadOmA8G5vfJPK0/DC67qa//0qvqrJzL1xc8WQWX7/yc7fwudjPHPhA==
  dependencies:
    tslib "^2.6.2"

"@smithy/is-array-buffer@^4.0.0":
  version "4.0.0"
  resolved "https://registry.yarnpkg.com/@smithy/is-array-buffer/-/is-array-buffer-4.0.0.tgz#55a939029321fec462bcc574890075cd63e94206"
  integrity sha512-saYhF8ZZNoJDTvJBEWgeBccCg+yvp1CX+ed12yORU3NilJScfc6gfch2oVb4QgxZrGUx3/ZJlb+c/dJbyupxlw==
  dependencies:
    tslib "^2.6.2"

"@smithy/middleware-content-length@^4.0.0":
  version "4.0.0"
  resolved "https://registry.yarnpkg.com/@smithy/middleware-content-length/-/middleware-content-length-4.0.0.tgz#b860215d325ee8484b729f315d9b85d84d6d5c34"
  integrity sha512-nM1RJqLwkSCidumGK8WwNEZ0a0D/4LkwqdPna+QmHrdPoAK6WGLyZFosdMpsAW1OIbDLWGa+r37Mo4Vth4S4kQ==
  dependencies:
    "@smithy/protocol-http" "^5.0.0"
    "@smithy/types" "^4.0.0"
    tslib "^2.6.2"

"@smithy/middleware-endpoint@^4.0.0":
  version "4.0.0"
  resolved "https://registry.yarnpkg.com/@smithy/middleware-endpoint/-/middleware-endpoint-4.0.0.tgz#fe727b28452bc3fe85399521daab7600966e4174"
  integrity sha512-/f6z5SqUurmqemhBZNhM0c+C7QW0AY/zJpic//sbdu26q98HSPAI/xvzStjYq+UhtWeAe/jaX6gamdL/2r3W1g==
  dependencies:
    "@smithy/core" "^3.0.0"
    "@smithy/middleware-serde" "^4.0.0"
    "@smithy/node-config-provider" "^4.0.0"
    "@smithy/shared-ini-file-loader" "^4.0.0"
    "@smithy/types" "^4.0.0"
    "@smithy/url-parser" "^4.0.0"
    "@smithy/util-middleware" "^4.0.0"
    tslib "^2.6.2"

"@smithy/middleware-retry@^4.0.0":
  version "4.0.0"
  resolved "https://registry.yarnpkg.com/@smithy/middleware-retry/-/middleware-retry-4.0.0.tgz#35c6ad71a6d662ed2d718bb5ca0b87593cf1433a"
  integrity sha512-K6tsFp3Ik44H3694a+LWoXLV8mqy8zn6/vTw2feU72MaIzi51EHMVNNxxpL6e2GI6oxw8FFRGWgGn8+wQRrHZQ==
  dependencies:
    "@smithy/node-config-provider" "^4.0.0"
    "@smithy/protocol-http" "^5.0.0"
    "@smithy/service-error-classification" "^4.0.0"
    "@smithy/smithy-client" "^4.0.0"
    "@smithy/types" "^4.0.0"
    "@smithy/util-middleware" "^4.0.0"
    "@smithy/util-retry" "^4.0.0"
    tslib "^2.6.2"
    uuid "^9.0.1"

"@smithy/middleware-serde@^4.0.0":
  version "4.0.0"
  resolved "https://registry.yarnpkg.com/@smithy/middleware-serde/-/middleware-serde-4.0.0.tgz#cbb22e84f297e7089f988364325d36d508791fd8"
  integrity sha512-aW4Zo8Cm988RCvhysErzqrQ4YPKgZFhajvgPoZnsWIDaZfT419J17Ahr13Lul3kqGad2dCz7YOrXd7r+UAEj/w==
  dependencies:
    "@smithy/types" "^4.0.0"
    tslib "^2.6.2"

"@smithy/middleware-stack@^4.0.0":
  version "4.0.0"
  resolved "https://registry.yarnpkg.com/@smithy/middleware-stack/-/middleware-stack-4.0.0.tgz#d4d818fc70d44a76a616f990bee4075608a46f0e"
  integrity sha512-4NFaX88RmgVrCyJv/3RsSdqMwxzI/EQa8nvhUDVxmLUMRS2JUdHnliD6IwKuqIwIzz+E1aZK3EhSHUM4HXp3ww==
  dependencies:
    "@smithy/types" "^4.0.0"
    tslib "^2.6.2"

"@smithy/node-config-provider@^4.0.0":
  version "4.0.0"
  resolved "https://registry.yarnpkg.com/@smithy/node-config-provider/-/node-config-provider-4.0.0.tgz#950c451951ddd4e22c4e5ba1178893ade8124303"
  integrity sha512-Crp9rg1ewjqgM2i7pWSpNhfbBa0usyKGDVQLEXTOpu6trFqq3BFLLCgbCE1S18h6mxqKnOqUONq3nWOxUk75XA==
  dependencies:
    "@smithy/property-provider" "^4.0.0"
    "@smithy/shared-ini-file-loader" "^4.0.0"
    "@smithy/types" "^4.0.0"
    tslib "^2.6.2"

"@smithy/node-http-handler@^4.0.0":
  version "4.0.0"
  resolved "https://registry.yarnpkg.com/@smithy/node-http-handler/-/node-http-handler-4.0.0.tgz#d90cdb19cc25c05a077278c07e776a6949944791"
  integrity sha512-WvumtEaFyxaI95zmj6eYlF/vCFCKNyru3P/UUHCUS9BjvajUtNckH2cY3bBfi+qqMPX5gha4g26lcOlE/wPz/Q==
  dependencies:
    "@smithy/abort-controller" "^4.0.0"
    "@smithy/protocol-http" "^5.0.0"
    "@smithy/querystring-builder" "^4.0.0"
    "@smithy/types" "^4.0.0"
    tslib "^2.6.2"

"@smithy/property-provider@^4.0.0":
  version "4.0.0"
  resolved "https://registry.yarnpkg.com/@smithy/property-provider/-/property-provider-4.0.0.tgz#5e328d086a867646b147d55a8551aec9d2e318b2"
  integrity sha512-AJSvY1k3SdM0stGrIjL8/FIjXO7X9I7KkznXDmr76RGz+yvaDHLsLm2hSHyzAlmwEQnHaafSU2dwaV0JcnR/4w==
  dependencies:
    "@smithy/types" "^4.0.0"
    tslib "^2.6.2"

"@smithy/protocol-http@^5.0.0":
  version "5.0.0"
  resolved "https://registry.yarnpkg.com/@smithy/protocol-http/-/protocol-http-5.0.0.tgz#bd395e6b6271dcebdef5d846a5dab050fc9c57c9"
  integrity sha512-laAcIHWq9GQ5VdAS71DUrCj5HUHZ/89Ee+HRTLhFR5/E3toBlnZfPG+kqBajwfEB5aSdRuKslfzl5Dzrn3pr8A==
  dependencies:
    "@smithy/types" "^4.0.0"
    tslib "^2.6.2"

"@smithy/querystring-builder@^4.0.0":
  version "4.0.0"
  resolved "https://registry.yarnpkg.com/@smithy/querystring-builder/-/querystring-builder-4.0.0.tgz#7eb2d94d5f9f5d7ef3a003c90af83a1ee734ee42"
  integrity sha512-kMqPDRf+/hwm+Dmk8AQCaYTJxNWWpNdJJteeMm0jwDbmRDqSqHQ7oLEVzvOnbWJu1poVtOhv6v7jsbyx9JASsw==
  dependencies:
    "@smithy/types" "^4.0.0"
    "@smithy/util-uri-escape" "^4.0.0"
    tslib "^2.6.2"

"@smithy/querystring-parser@^4.0.0":
  version "4.0.0"
  resolved "https://registry.yarnpkg.com/@smithy/querystring-parser/-/querystring-parser-4.0.0.tgz#d21b7d1396d863d3498a72d561955b5dc77670d7"
  integrity sha512-SbogL1PNEmm28ya0eK2S0EZEbYwe0qpaqSGrODm+uYS6dQ7pekPLVNXjBRuuLIAT26ZF2wTsp6X7AVRBNZd8qw==
  dependencies:
    "@smithy/types" "^4.0.0"
    tslib "^2.6.2"

"@smithy/service-error-classification@^4.0.0":
  version "4.0.0"
  resolved "https://registry.yarnpkg.com/@smithy/service-error-classification/-/service-error-classification-4.0.0.tgz#91eca0ac1a454e2166ee1f86577cdc5308115778"
  integrity sha512-hIZreT6aXSG0PK/psT1S+kfeGTnYnRRlf7rU3yDmH/crSVjTbS/5h5w2J7eO2ODrQb3xfhJcYxQBREdwsZk6TA==
  dependencies:
    "@smithy/types" "^4.0.0"

"@smithy/shared-ini-file-loader@^4.0.0":
  version "4.0.0"
  resolved "https://registry.yarnpkg.com/@smithy/shared-ini-file-loader/-/shared-ini-file-loader-4.0.0.tgz#ee8334f935138c92e11699bc81be5d1f76e6dce3"
  integrity sha512-Ktupe8msp2GPaKKVfiz3NNUNnslJiGGRoVh3BDpm/RChkQ5INQpqmTc2taE0XChNYumNynLfb3keekIPaiaZeg==
  dependencies:
    "@smithy/types" "^4.0.0"
    tslib "^2.6.2"

"@smithy/signature-v4@^5.0.0":
  version "5.0.0"
  resolved "https://registry.yarnpkg.com/@smithy/signature-v4/-/signature-v4-5.0.0.tgz#176ab46d0e161f5e7a08aa3b39930fb0e154ee15"
  integrity sha512-zqcOR1sZTuoA6K3PBNwzu4YgT1pmIwz47tYpgaJjBTfGUIMtcjUaXKtuSKEScdv+0wx45/PbXz0//hk80fky3w==
  dependencies:
    "@smithy/is-array-buffer" "^4.0.0"
    "@smithy/protocol-http" "^5.0.0"
    "@smithy/types" "^4.0.0"
    "@smithy/util-hex-encoding" "^4.0.0"
    "@smithy/util-middleware" "^4.0.0"
    "@smithy/util-uri-escape" "^4.0.0"
    "@smithy/util-utf8" "^4.0.0"
    tslib "^2.6.2"

"@smithy/smithy-client@^4.0.0":
  version "4.0.0"
  resolved "https://registry.yarnpkg.com/@smithy/smithy-client/-/smithy-client-4.0.0.tgz#06bff6c99bfe4b9332a299721c367327eae98c92"
  integrity sha512-AgcZ6B+JuqArYioAbaYrCpTCjYsD3/1hPSXntbN2ipsfc4hE+72RFZevUPYgsKxpy3G+QxuLfqm11i3+oX4oSA==
  dependencies:
    "@smithy/core" "^3.0.0"
    "@smithy/middleware-endpoint" "^4.0.0"
    "@smithy/middleware-stack" "^4.0.0"
    "@smithy/protocol-http" "^5.0.0"
    "@smithy/types" "^4.0.0"
    "@smithy/util-stream" "^4.0.0"
    tslib "^2.6.2"

"@smithy/types@^4.0.0":
  version "4.0.0"
  resolved "https://registry.yarnpkg.com/@smithy/types/-/types-4.0.0.tgz#7458c1c4dde3c6cf23221370acf5acd03215de6e"
  integrity sha512-aNwIGSOgDOhtTRY/rrn2aeuQeKw/IFrQ998yK5l6Ah853WeWIEmFPs/EO4OpfADEdcK+igWnZytm/oUgkLgUYg==
  dependencies:
    tslib "^2.6.2"

"@smithy/url-parser@^4.0.0":
  version "4.0.0"
  resolved "https://registry.yarnpkg.com/@smithy/url-parser/-/url-parser-4.0.0.tgz#c379b812860f88a435164cd5d3d940009e464ea7"
  integrity sha512-2iPpuLoH0hCKpLtqVgilHtpPKsmHihbkwBm3h3RPuEctdmuiOlFRZ2ZI8IHSwl0o4ff5IdyyJ0yu/2tS9KpUug==
  dependencies:
    "@smithy/querystring-parser" "^4.0.0"
    "@smithy/types" "^4.0.0"
    tslib "^2.6.2"

"@smithy/util-base64@^4.0.0":
  version "4.0.0"
  resolved "https://registry.yarnpkg.com/@smithy/util-base64/-/util-base64-4.0.0.tgz#8345f1b837e5f636e5f8470c4d1706ae0c6d0358"
  integrity sha512-CvHfCmO2mchox9kjrtzoHkWHxjHZzaFojLc8quxXY7WAAMAg43nuxwv95tATVgQFNDwd4M9S1qFzj40Ul41Kmg==
  dependencies:
    "@smithy/util-buffer-from" "^4.0.0"
    "@smithy/util-utf8" "^4.0.0"
    tslib "^2.6.2"

"@smithy/util-body-length-browser@^4.0.0":
  version "4.0.0"
  resolved "https://registry.yarnpkg.com/@smithy/util-body-length-browser/-/util-body-length-browser-4.0.0.tgz#965d19109a4b1e5fe7a43f813522cce718036ded"
  integrity sha512-sNi3DL0/k64/LO3A256M+m3CDdG6V7WKWHdAiBBMUN8S3hK3aMPhwnPik2A/a2ONN+9doY9UxaLfgqsIRg69QA==
  dependencies:
    tslib "^2.6.2"

"@smithy/util-body-length-node@^4.0.0":
  version "4.0.0"
  resolved "https://registry.yarnpkg.com/@smithy/util-body-length-node/-/util-body-length-node-4.0.0.tgz#3db245f6844a9b1e218e30c93305bfe2ffa473b3"
  integrity sha512-q0iDP3VsZzqJyje8xJWEJCNIu3lktUGVoSy1KB0UWym2CL1siV3artm+u1DFYTLejpsrdGyCSWBdGNjJzfDPjg==
  dependencies:
    tslib "^2.6.2"

"@smithy/util-buffer-from@^2.2.0":
  version "2.2.0"
  resolved "https://registry.yarnpkg.com/@smithy/util-buffer-from/-/util-buffer-from-2.2.0.tgz#6fc88585165ec73f8681d426d96de5d402021e4b"
  integrity sha512-IJdWBbTcMQ6DA0gdNhh/BwrLkDR+ADW5Kr1aZmd4k3DIF6ezMV4R2NIAmT08wQJ3yUK82thHWmC/TnK/wpMMIA==
  dependencies:
    "@smithy/is-array-buffer" "^2.2.0"
    tslib "^2.6.2"

"@smithy/util-buffer-from@^4.0.0":
  version "4.0.0"
  resolved "https://registry.yarnpkg.com/@smithy/util-buffer-from/-/util-buffer-from-4.0.0.tgz#b23b7deb4f3923e84ef50c8b2c5863d0dbf6c0b9"
  integrity sha512-9TOQ7781sZvddgO8nxueKi3+yGvkY35kotA0Y6BWRajAv8jjmigQ1sBwz0UX47pQMYXJPahSKEKYFgt+rXdcug==
  dependencies:
    "@smithy/is-array-buffer" "^4.0.0"
    tslib "^2.6.2"

"@smithy/util-config-provider@^4.0.0":
  version "4.0.0"
  resolved "https://registry.yarnpkg.com/@smithy/util-config-provider/-/util-config-provider-4.0.0.tgz#e0c7c8124c7fba0b696f78f0bd0ccb060997d45e"
  integrity sha512-L1RBVzLyfE8OXH+1hsJ8p+acNUSirQnWQ6/EgpchV88G6zGBTDPdXiiExei6Z1wR2RxYvxY/XLw6AMNCCt8H3w==
  dependencies:
    tslib "^2.6.2"

"@smithy/util-defaults-mode-browser@^4.0.0":
  version "4.0.0"
  resolved "https://registry.yarnpkg.com/@smithy/util-defaults-mode-browser/-/util-defaults-mode-browser-4.0.0.tgz#925046f4c18607b7af409be914b13159dbf04c68"
  integrity sha512-7wqsXkzaJkpSqV+Ca95pN9yQutXvhaKeCxGGmjWnRGXY1fW/yR7wr1ouNnUYCJuTS8MvmB61xp5Qdj8YMgIA2Q==
  dependencies:
    "@smithy/property-provider" "^4.0.0"
    "@smithy/smithy-client" "^4.0.0"
    "@smithy/types" "^4.0.0"
    bowser "^2.11.0"
    tslib "^2.6.2"

"@smithy/util-defaults-mode-node@^4.0.0":
  version "4.0.0"
  resolved "https://registry.yarnpkg.com/@smithy/util-defaults-mode-node/-/util-defaults-mode-node-4.0.0.tgz#110cfa24dbc7ebcdbde71770bb7cc2daa19ea8dd"
  integrity sha512-P8VK885kiRT6TEtvcQvz+L/+xIhrDhCmM664ToUtrshFSBhwGYaJWlQNAH9fXlMhwnNvR+tmh1KngKJIgQP6bw==
  dependencies:
    "@smithy/config-resolver" "^4.0.0"
    "@smithy/credential-provider-imds" "^4.0.0"
    "@smithy/node-config-provider" "^4.0.0"
    "@smithy/property-provider" "^4.0.0"
    "@smithy/smithy-client" "^4.0.0"
    "@smithy/types" "^4.0.0"
    tslib "^2.6.2"

"@smithy/util-endpoints@^3.0.0":
  version "3.0.0"
  resolved "https://registry.yarnpkg.com/@smithy/util-endpoints/-/util-endpoints-3.0.0.tgz#d1abf9ac6311e0876b444845f1b2ef47e953b5ce"
  integrity sha512-kyOKbkg77lsIVN2jC08uEWm3s16eK1YdVDyi/nKeBDbUnjR30dmTEga79E5tiu5OEgTAdngNswA9V+L6xa65sA==
  dependencies:
    "@smithy/node-config-provider" "^4.0.0"
    "@smithy/types" "^4.0.0"
    tslib "^2.6.2"

"@smithy/util-hex-encoding@^4.0.0":
  version "4.0.0"
  resolved "https://registry.yarnpkg.com/@smithy/util-hex-encoding/-/util-hex-encoding-4.0.0.tgz#dd449a6452cffb37c5b1807ec2525bb4be551e8d"
  integrity sha512-Yk5mLhHtfIgW2W2WQZWSg5kuMZCVbvhFmC7rV4IO2QqnZdbEFPmQnCcGMAX2z/8Qj3B9hYYNjZOhWym+RwhePw==
  dependencies:
    tslib "^2.6.2"

"@smithy/util-middleware@^4.0.0":
  version "4.0.0"
  resolved "https://registry.yarnpkg.com/@smithy/util-middleware/-/util-middleware-4.0.0.tgz#0401ada0ebd61af1c0965c6e15e379fe6ebab27f"
  integrity sha512-ncuvK6ekpDqtASHg7jx3d3nrkD2BsTzUmeVgvtepuHGxtySY8qUlb4SiNRdxHYcv3pL2SwdXs70RwKBU0edW5w==
  dependencies:
    "@smithy/types" "^4.0.0"
    tslib "^2.6.2"

"@smithy/util-retry@^4.0.0":
  version "4.0.0"
  resolved "https://registry.yarnpkg.com/@smithy/util-retry/-/util-retry-4.0.0.tgz#c08f1894278afce4ab3c00b55883f13026f04222"
  integrity sha512-64WFoC19NVuHh3HQO2QbGw+n6GzQ6VH/drxwXLOU3GDLKxUUzIR9XNm9aTVqh8/7R+y+DgITiv5LpX5XdOy73A==
  dependencies:
    "@smithy/service-error-classification" "^4.0.0"
    "@smithy/types" "^4.0.0"
    tslib "^2.6.2"

"@smithy/util-stream@^4.0.0":
  version "4.0.0"
  resolved "https://registry.yarnpkg.com/@smithy/util-stream/-/util-stream-4.0.0.tgz#c604497ae110216e92ccd586a40b8cf4fa8d9b62"
  integrity sha512-ctcLq8Ogi2FQuGy2RxJXGGrozhFEb4p9FawB5SpTNAkNQWbNHcwrGcVSVI3FtdQtkNAINLiEdMnrx+UN/mafvw==
  dependencies:
    "@smithy/fetch-http-handler" "^5.0.0"
    "@smithy/node-http-handler" "^4.0.0"
    "@smithy/types" "^4.0.0"
    "@smithy/util-base64" "^4.0.0"
    "@smithy/util-buffer-from" "^4.0.0"
    "@smithy/util-hex-encoding" "^4.0.0"
    "@smithy/util-utf8" "^4.0.0"
    tslib "^2.6.2"

"@smithy/util-uri-escape@^4.0.0":
  version "4.0.0"
  resolved "https://registry.yarnpkg.com/@smithy/util-uri-escape/-/util-uri-escape-4.0.0.tgz#a96c160c76f3552458a44d8081fade519d214737"
  integrity sha512-77yfbCbQMtgtTylO9itEAdpPXSog3ZxMe09AEhm0dU0NLTalV70ghDZFR+Nfi1C60jnJoh/Re4090/DuZh2Omg==
  dependencies:
    tslib "^2.6.2"

"@smithy/util-utf8@^2.0.0":
  version "2.3.0"
  resolved "https://registry.yarnpkg.com/@smithy/util-utf8/-/util-utf8-2.3.0.tgz#dd96d7640363259924a214313c3cf16e7dd329c5"
  integrity sha512-R8Rdn8Hy72KKcebgLiv8jQcQkXoLMOGGv5uI1/k0l+snqkOzQ1R0ChUBCxWMlBsFMekWjq0wRudIweFs7sKT5A==
  dependencies:
    "@smithy/util-buffer-from" "^2.2.0"
    tslib "^2.6.2"

"@smithy/util-utf8@^4.0.0":
  version "4.0.0"
  resolved "https://registry.yarnpkg.com/@smithy/util-utf8/-/util-utf8-4.0.0.tgz#09ca2d9965e5849e72e347c130f2a29d5c0c863c"
  integrity sha512-b+zebfKCfRdgNJDknHCob3O7FpeYQN6ZG6YLExMcasDHsCXlsXCEuiPZeLnJLpwa5dvPetGlnGCiMHuLwGvFow==
  dependencies:
    "@smithy/util-buffer-from" "^4.0.0"
    tslib "^2.6.2"

"@smithy/util-waiter@^4.0.0":
  version "4.0.0"
  resolved "https://registry.yarnpkg.com/@smithy/util-waiter/-/util-waiter-4.0.0.tgz#66f2cd8096c6b405f92b8fe0c714070a0a47b251"
  integrity sha512-C8dSfGmZH0ecrmnJOw4aDXJ47krihnUtee8eDZ2fA+28wTjD4TVM3L/bBQYnBBlDVWcYzldLV7loPRsPc1kERg==
  dependencies:
    "@smithy/abort-controller" "^4.0.0"
    "@smithy/types" "^4.0.0"
    tslib "^2.6.2"

"@types/uuid@^9.0.1":
  version "9.0.8"
  resolved "https://registry.yarnpkg.com/@types/uuid/-/uuid-9.0.8.tgz#7545ba4fc3c003d6c756f651f3bf163d8f0f29ba"
  integrity sha512-jg+97EGIcY9AGHJJRaaPVgetKDsrTgbRjQ5Msgjh/DQKEFl0DtyRr/VCOyD1T2R1MNeWPK/u7JoGhlDZnKBAfA==

bowser@^2.11.0:
  version "2.11.0"
  resolved "https://registry.yarnpkg.com/bowser/-/bowser-2.11.0.tgz#5ca3c35757a7aa5771500c70a73a9f91ef420a8f"
  integrity sha512-AlcaJBi/pqqJBIQ8U9Mcpc9i8Aqxn88Skv5d+xBX006BY5u8N3mGLHa5Lgppa7L/HfwgwLgZ6NYs+Ag6uUmJRA==

fast-xml-parser@4.4.1:
  version "4.4.1"
  resolved "https://registry.yarnpkg.com/fast-xml-parser/-/fast-xml-parser-4.4.1.tgz#86dbf3f18edf8739326447bcaac31b4ae7f6514f"
  integrity sha512-xkjOecfnKGkSsOwtZ5Pz7Us/T6mrbPQrq0nh+aCO5V9nk5NLWmasAHumTKjiPJPWANe+kAZ84Jc8ooJkzZ88Sw==
  dependencies:
    strnum "^1.0.5"

strnum@^1.0.5:
  version "1.0.5"
  resolved "https://registry.yarnpkg.com/strnum/-/strnum-1.0.5.tgz#5c4e829fe15ad4ff0d20c3db5ac97b73c9b072db"
  integrity sha512-J8bbNyKKXl5qYcR36TIO8W3mVGVHrmmxsd5PAItGkmyzwJvybiw2IVq5nqd0i4LSNSkB/sx9VHllbfFdr9k1JA==

tslib@^2.5.0, tslib@^2.6.2:
  version "2.6.3"
  resolved "https://registry.yarnpkg.com/tslib/-/tslib-2.6.3.tgz#0438f810ad7a9edcde7a241c3d80db693c8cbfe0"
  integrity sha512-xNvxJEOUiWPGhUuUdQgAJPKOOJfGnIyKySOc09XkKsgdUV/3E2zvwZYdejjmRgPCgcym1juLH3226yA7sEFJKQ==

uuid@^9.0.1:
  version "9.0.1"
  resolved "https://registry.yarnpkg.com/uuid/-/uuid-9.0.1.tgz#e188d4c8853cc722220392c424cd637f32293f30"
  integrity sha512-b+1eJOlsR9K8HJpow9Ok3fiWOWSIcIzXodvv0rQjVoOVNpWMpxf1wZNpt4y9h10odCNrqnYp1OBzRktckBe3sA==
