# THIS IS AN AUTOGENERATED FILE. DO NOT EDIT THIS FILE DIRECTLY.
# yarn lockfile v1


"@aws-crypto/sha256-browser@5.2.0":
  version "5.2.0"
  resolved "https://registry.yarnpkg.com/@aws-crypto/sha256-browser/-/sha256-browser-5.2.0.tgz#153895ef1dba6f9fce38af550e0ef58988eb649e"
  integrity sha512-AXfN/lGotSQwu6HNcEsIASo7kWXZ5HYWvfOmSNKDsEqC4OashTp8alTmaz+F7TC2L083SFv5RdB+qU3Vs1kZqw==
  dependencies:
    "@aws-crypto/sha256-js" "^5.2.0"
    "@aws-crypto/supports-web-crypto" "^5.2.0"
    "@aws-crypto/util" "^5.2.0"
    "@aws-sdk/types" "^3.222.0"
    "@aws-sdk/util-locate-window" "^3.0.0"
    "@smithy/util-utf8" "^2.0.0"
    tslib "^2.6.2"

"@aws-crypto/sha256-js@5.2.0", "@aws-crypto/sha256-js@^5.2.0":
  version "5.2.0"
  resolved "https://registry.yarnpkg.com/@aws-crypto/sha256-js/-/sha256-js-5.2.0.tgz#c4fdb773fdbed9a664fc1a95724e206cf3860042"
  integrity sha512-FFQQyu7edu4ufvIZ+OadFpHHOt+eSTBaYaki44c+akjg7qZg9oOQeLlk77F6tSYqjDAFClrHJk9tMf0HdVyOvA==
  dependencies:
    "@aws-crypto/util" "^5.2.0"
    "@aws-sdk/types" "^3.222.0"
    tslib "^2.6.2"

"@aws-crypto/supports-web-crypto@^5.2.0":
  version "5.2.0"
  resolved "https://registry.yarnpkg.com/@aws-crypto/supports-web-crypto/-/supports-web-crypto-5.2.0.tgz#a1e399af29269be08e695109aa15da0a07b5b5fb"
  integrity sha512-iAvUotm021kM33eCdNfwIN//F77/IADDSs58i+MDaOqFrVjZo9bAal0NK7HurRuWLLpF1iLX7gbWrjHjeo+YFg==
  dependencies:
    tslib "^2.6.2"

"@aws-crypto/util@^5.2.0":
  version "5.2.0"
  resolved "https://registry.yarnpkg.com/@aws-crypto/util/-/util-5.2.0.tgz#71284c9cffe7927ddadac793c14f14886d3876da"
  integrity sha512-4RkU9EsI6ZpBve5fseQlGNUWKMa1RLPQ1dnjnQoe07ldfIzcsGb5hC5W0Dm7u423KWzawlrpbjXBrXCEv9zazQ==
  dependencies:
    "@aws-sdk/types" "^3.222.0"
    "@smithy/util-utf8" "^2.0.0"
    tslib "^2.6.2"

"@aws-sdk/client-ssm@3.879.0":
  version "3.879.0"
  resolved "https://registry.yarnpkg.com/@aws-sdk/client-ssm/-/client-ssm-3.879.0.tgz#7efbd80b323e8ea8eae2631c35e4905b3e44ce7b"
  integrity sha512-8kPlG0E+QDJcuj51HiI9NQVJVze4KHpPLR82oJtG+aDVxXUhiRlH13TCVlYIskW16Hg+bOI9bAKVesoSGeSNVw==
  dependencies:
    "@aws-crypto/sha256-browser" "5.2.0"
    "@aws-crypto/sha256-js" "5.2.0"
    "@aws-sdk/core" "3.879.0"
    "@aws-sdk/credential-provider-node" "3.879.0"
    "@aws-sdk/middleware-host-header" "3.873.0"
    "@aws-sdk/middleware-logger" "3.876.0"
    "@aws-sdk/middleware-recursion-detection" "3.873.0"
    "@aws-sdk/middleware-user-agent" "3.879.0"
    "@aws-sdk/region-config-resolver" "3.873.0"
    "@aws-sdk/types" "3.862.0"
    "@aws-sdk/util-endpoints" "3.879.0"
    "@aws-sdk/util-user-agent-browser" "3.873.0"
    "@aws-sdk/util-user-agent-node" "3.879.0"
    "@smithy/config-resolver" "^4.1.5"
    "@smithy/core" "^3.9.0"
    "@smithy/fetch-http-handler" "^5.1.1"
    "@smithy/hash-node" "^4.0.5"
    "@smithy/invalid-dependency" "^4.0.5"
    "@smithy/middleware-content-length" "^4.0.5"
    "@smithy/middleware-endpoint" "^4.1.19"
    "@smithy/middleware-retry" "^4.1.20"
    "@smithy/middleware-serde" "^4.0.9"
    "@smithy/middleware-stack" "^4.0.5"
    "@smithy/node-config-provider" "^4.1.4"
    "@smithy/node-http-handler" "^4.1.1"
    "@smithy/protocol-http" "^5.1.3"
    "@smithy/smithy-client" "^4.5.0"
    "@smithy/types" "^4.3.2"
    "@smithy/url-parser" "^4.0.5"
    "@smithy/util-base64" "^4.0.0"
    "@smithy/util-body-length-browser" "^4.0.0"
    "@smithy/util-body-length-node" "^4.0.0"
    "@smithy/util-defaults-mode-browser" "^4.0.27"
    "@smithy/util-defaults-mode-node" "^4.0.27"
    "@smithy/util-endpoints" "^3.0.7"
    "@smithy/util-middleware" "^4.0.5"
    "@smithy/util-retry" "^4.0.7"
    "@smithy/util-utf8" "^4.0.0"
    "@smithy/util-waiter" "^4.0.7"
    "@types/uuid" "^9.0.1"
    tslib "^2.6.2"
    uuid "^9.0.1"

"@aws-sdk/client-sso@3.879.0":
  version "3.879.0"
  resolved "https://registry.yarnpkg.com/@aws-sdk/client-sso/-/client-sso-3.879.0.tgz#44b7bcc051af7e89ffff7346bd5f5b0672b48390"
  integrity sha512-+Pc3OYFpRYpKLKRreovPM63FPPud1/SF9vemwIJfz6KwsBCJdvg7vYD1xLSIp5DVZLeetgf4reCyAA5ImBfZuw==
  dependencies:
    "@aws-crypto/sha256-browser" "5.2.0"
    "@aws-crypto/sha256-js" "5.2.0"
    "@aws-sdk/core" "3.879.0"
    "@aws-sdk/middleware-host-header" "3.873.0"
    "@aws-sdk/middleware-logger" "3.876.0"
    "@aws-sdk/middleware-recursion-detection" "3.873.0"
    "@aws-sdk/middleware-user-agent" "3.879.0"
    "@aws-sdk/region-config-resolver" "3.873.0"
    "@aws-sdk/types" "3.862.0"
    "@aws-sdk/util-endpoints" "3.879.0"
    "@aws-sdk/util-user-agent-browser" "3.873.0"
    "@aws-sdk/util-user-agent-node" "3.879.0"
    "@smithy/config-resolver" "^4.1.5"
    "@smithy/core" "^3.9.0"
    "@smithy/fetch-http-handler" "^5.1.1"
    "@smithy/hash-node" "^4.0.5"
    "@smithy/invalid-dependency" "^4.0.5"
    "@smithy/middleware-content-length" "^4.0.5"
    "@smithy/middleware-endpoint" "^4.1.19"
    "@smithy/middleware-retry" "^4.1.20"
    "@smithy/middleware-serde" "^4.0.9"
    "@smithy/middleware-stack" "^4.0.5"
    "@smithy/node-config-provider" "^4.1.4"
    "@smithy/node-http-handler" "^4.1.1"
    "@smithy/protocol-http" "^5.1.3"
    "@smithy/smithy-client" "^4.5.0"
    "@smithy/types" "^4.3.2"
    "@smithy/url-parser" "^4.0.5"
    "@smithy/util-base64" "^4.0.0"
    "@smithy/util-body-length-browser" "^4.0.0"
    "@smithy/util-body-length-node" "^4.0.0"
    "@smithy/util-defaults-mode-browser" "^4.0.27"
    "@smithy/util-defaults-mode-node" "^4.0.27"
    "@smithy/util-endpoints" "^3.0.7"
    "@smithy/util-middleware" "^4.0.5"
    "@smithy/util-retry" "^4.0.7"
    "@smithy/util-utf8" "^4.0.0"
    tslib "^2.6.2"

"@aws-sdk/client-sts@3.879.0":
  version "3.879.0"
  resolved "https://registry.yarnpkg.com/@aws-sdk/client-sts/-/client-sts-3.879.0.tgz#38abb441b86a05d625d338b7558487d95b4946f2"
  integrity sha512-1VboQslwT/ZkgnG4VOoWwCIxkbiBmqc8yJ/3c8p01BQGuMSQQmRRzX1eBr2M7GWOUy5a+f9ND8w+viKihY110g==
  dependencies:
    "@aws-crypto/sha256-browser" "5.2.0"
    "@aws-crypto/sha256-js" "5.2.0"
    "@aws-sdk/core" "3.879.0"
    "@aws-sdk/credential-provider-node" "3.879.0"
    "@aws-sdk/middleware-host-header" "3.873.0"
    "@aws-sdk/middleware-logger" "3.876.0"
    "@aws-sdk/middleware-recursion-detection" "3.873.0"
    "@aws-sdk/middleware-user-agent" "3.879.0"
    "@aws-sdk/region-config-resolver" "3.873.0"
    "@aws-sdk/types" "3.862.0"
    "@aws-sdk/util-endpoints" "3.879.0"
    "@aws-sdk/util-user-agent-browser" "3.873.0"
    "@aws-sdk/util-user-agent-node" "3.879.0"
    "@smithy/config-resolver" "^4.1.5"
    "@smithy/core" "^3.9.0"
    "@smithy/fetch-http-handler" "^5.1.1"
    "@smithy/hash-node" "^4.0.5"
    "@smithy/invalid-dependency" "^4.0.5"
    "@smithy/middleware-content-length" "^4.0.5"
    "@smithy/middleware-endpoint" "^4.1.19"
    "@smithy/middleware-retry" "^4.1.20"
    "@smithy/middleware-serde" "^4.0.9"
    "@smithy/middleware-stack" "^4.0.5"
    "@smithy/node-config-provider" "^4.1.4"
    "@smithy/node-http-handler" "^4.1.1"
    "@smithy/protocol-http" "^5.1.3"
    "@smithy/smithy-client" "^4.5.0"
    "@smithy/types" "^4.3.2"
    "@smithy/url-parser" "^4.0.5"
    "@smithy/util-base64" "^4.0.0"
    "@smithy/util-body-length-browser" "^4.0.0"
    "@smithy/util-body-length-node" "^4.0.0"
    "@smithy/util-defaults-mode-browser" "^4.0.27"
    "@smithy/util-defaults-mode-node" "^4.0.27"
    "@smithy/util-endpoints" "^3.0.7"
    "@smithy/util-middleware" "^4.0.5"
    "@smithy/util-retry" "^4.0.7"
    "@smithy/util-utf8" "^4.0.0"
    tslib "^2.6.2"

"@aws-sdk/core@3.879.0":
  version "3.879.0"
  resolved "https://registry.yarnpkg.com/@aws-sdk/core/-/core-3.879.0.tgz#c6ee6b927347b2f89419bfbff77844cdff2b8c10"
  integrity sha512-AhNmLCrx980LsK+SfPXGh7YqTyZxsK0Qmy18mWmkfY0TSq7WLaSDB5zdQbgbnQCACCHy8DUYXbi4KsjlIhv3PA==
  dependencies:
    "@aws-sdk/types" "3.862.0"
    "@aws-sdk/xml-builder" "3.873.0"
    "@smithy/core" "^3.9.0"
    "@smithy/node-config-provider" "^4.1.4"
    "@smithy/property-provider" "^4.0.5"
    "@smithy/protocol-http" "^5.1.3"
    "@smithy/signature-v4" "^5.1.3"
    "@smithy/smithy-client" "^4.5.0"
    "@smithy/types" "^4.3.2"
    "@smithy/util-base64" "^4.0.0"
    "@smithy/util-body-length-browser" "^4.0.0"
    "@smithy/util-middleware" "^4.0.5"
    "@smithy/util-utf8" "^4.0.0"
    fast-xml-parser "5.2.5"
    tslib "^2.6.2"

"@aws-sdk/credential-provider-env@3.879.0":
  version "3.879.0"
  resolved "https://registry.yarnpkg.com/@aws-sdk/credential-provider-env/-/credential-provider-env-3.879.0.tgz#8de1561de6de585bffb8b7ff13ec7a88cb696de6"
  integrity sha512-JgG7A8SSbr5IiCYL8kk39Y9chdSB5GPwBorDW8V8mr19G9L+qd6ohED4fAocoNFaDnYJ5wGAHhCfSJjzcsPBVQ==
  dependencies:
    "@aws-sdk/core" "3.879.0"
    "@aws-sdk/types" "3.862.0"
    "@smithy/property-provider" "^4.0.5"
    "@smithy/types" "^4.3.2"
    tslib "^2.6.2"

"@aws-sdk/credential-provider-http@3.879.0":
  version "3.879.0"
  resolved "https://registry.yarnpkg.com/@aws-sdk/credential-provider-http/-/credential-provider-http-3.879.0.tgz#d01b8d32f27c25fd27fb92758b0f0470223df7a9"
  integrity sha512-2hM5ByLpyK+qORUexjtYyDZsgxVCCUiJQZRMGkNXFEGz6zTpbjfTIWoh3zRgWHEBiqyPIyfEy50eIF69WshcuA==
  dependencies:
    "@aws-sdk/core" "3.879.0"
    "@aws-sdk/types" "3.862.0"
    "@smithy/fetch-http-handler" "^5.1.1"
    "@smithy/node-http-handler" "^4.1.1"
    "@smithy/property-provider" "^4.0.5"
    "@smithy/protocol-http" "^5.1.3"
    "@smithy/smithy-client" "^4.5.0"
    "@smithy/types" "^4.3.2"
    "@smithy/util-stream" "^4.2.4"
    tslib "^2.6.2"

"@aws-sdk/credential-provider-ini@3.879.0":
  version "3.879.0"
  resolved "https://registry.yarnpkg.com/@aws-sdk/credential-provider-ini/-/credential-provider-ini-3.879.0.tgz#67a2ad53b37f2d713bb49cbfcc7283fccdc140b9"
  integrity sha512-07M8zfb73KmMBqVO5/V3Ea9kqDspMX0fO0kaI1bsjWI6ngnMye8jCE0/sIhmkVAI0aU709VA0g+Bzlopnw9EoQ==
  dependencies:
    "@aws-sdk/core" "3.879.0"
    "@aws-sdk/credential-provider-env" "3.879.0"
    "@aws-sdk/credential-provider-http" "3.879.0"
    "@aws-sdk/credential-provider-process" "3.879.0"
    "@aws-sdk/credential-provider-sso" "3.879.0"
    "@aws-sdk/credential-provider-web-identity" "3.879.0"
    "@aws-sdk/nested-clients" "3.879.0"
    "@aws-sdk/types" "3.862.0"
    "@smithy/credential-provider-imds" "^4.0.7"
    "@smithy/property-provider" "^4.0.5"
    "@smithy/shared-ini-file-loader" "^4.0.5"
    "@smithy/types" "^4.3.2"
    tslib "^2.6.2"

"@aws-sdk/credential-provider-node@3.879.0":
  version "3.879.0"
  resolved "https://registry.yarnpkg.com/@aws-sdk/credential-provider-node/-/credential-provider-node-3.879.0.tgz#379a7edadd8fdfe72fe768d44ee323871b80a2f9"
  integrity sha512-FYaAqJbnSTrVL2iZkNDj2hj5087yMv2RN2GA8DJhe7iOJjzhzRojrtlfpWeJg6IhK0sBKDH+YXbdeexCzUJvtA==
  dependencies:
    "@aws-sdk/credential-provider-env" "3.879.0"
    "@aws-sdk/credential-provider-http" "3.879.0"
    "@aws-sdk/credential-provider-ini" "3.879.0"
    "@aws-sdk/credential-provider-process" "3.879.0"
    "@aws-sdk/credential-provider-sso" "3.879.0"
    "@aws-sdk/credential-provider-web-identity" "3.879.0"
    "@aws-sdk/types" "3.862.0"
    "@smithy/credential-provider-imds" "^4.0.7"
    "@smithy/property-provider" "^4.0.5"
    "@smithy/shared-ini-file-loader" "^4.0.5"
    "@smithy/types" "^4.3.2"
    tslib "^2.6.2"

"@aws-sdk/credential-provider-process@3.879.0":
  version "3.879.0"
  resolved "https://registry.yarnpkg.com/@aws-sdk/credential-provider-process/-/credential-provider-process-3.879.0.tgz#7db16b740833005758e60c6c7f18a49a635dc700"
  integrity sha512-7r360x1VyEt35Sm1JFOzww2WpnfJNBbvvnzoyLt7WRfK0S/AfsuWhu5ltJ80QvJ0R3AiSNbG+q/btG2IHhDYPQ==
  dependencies:
    "@aws-sdk/core" "3.879.0"
    "@aws-sdk/types" "3.862.0"
    "@smithy/property-provider" "^4.0.5"
    "@smithy/shared-ini-file-loader" "^4.0.5"
    "@smithy/types" "^4.3.2"
    tslib "^2.6.2"

"@aws-sdk/credential-provider-sso@3.879.0":
  version "3.879.0"
  resolved "https://registry.yarnpkg.com/@aws-sdk/credential-provider-sso/-/credential-provider-sso-3.879.0.tgz#a9891cb0d74ab8e665e08b84c6caf1be55db87c8"
  integrity sha512-gd27B0NsgtKlaPNARj4IX7F7US5NuU691rGm0EUSkDsM7TctvJULighKoHzPxDQlrDbVI11PW4WtKS/Zg5zPlQ==
  dependencies:
    "@aws-sdk/client-sso" "3.879.0"
    "@aws-sdk/core" "3.879.0"
    "@aws-sdk/token-providers" "3.879.0"
    "@aws-sdk/types" "3.862.0"
    "@smithy/property-provider" "^4.0.5"
    "@smithy/shared-ini-file-loader" "^4.0.5"
    "@smithy/types" "^4.3.2"
    tslib "^2.6.2"

"@aws-sdk/credential-provider-web-identity@3.879.0":
  version "3.879.0"
  resolved "https://registry.yarnpkg.com/@aws-sdk/credential-provider-web-identity/-/credential-provider-web-identity-3.879.0.tgz#743bf63f85370ec98df67987e36b131ae0854b6b"
  integrity sha512-Jy4uPFfGzHk1Mxy+/Wr43vuw9yXsE2yiF4e4598vc3aJfO0YtA2nSfbKD3PNKRORwXbeKqWPfph9SCKQpWoxEg==
  dependencies:
    "@aws-sdk/core" "3.879.0"
    "@aws-sdk/nested-clients" "3.879.0"
    "@aws-sdk/types" "3.862.0"
    "@smithy/property-provider" "^4.0.5"
    "@smithy/types" "^4.3.2"
    tslib "^2.6.2"

"@aws-sdk/middleware-host-header@3.873.0":
  version "3.873.0"
  resolved "https://registry.yarnpkg.com/@aws-sdk/middleware-host-header/-/middleware-host-header-3.873.0.tgz#81e9c2f61674b96337472bcaefd85ce3b7a24f7b"
  integrity sha512-KZ/W1uruWtMOs7D5j3KquOxzCnV79KQW9MjJFZM/M0l6KI8J6V3718MXxFHsTjUE4fpdV6SeCNLV1lwGygsjJA==
  dependencies:
    "@aws-sdk/types" "3.862.0"
    "@smithy/protocol-http" "^5.1.3"
    "@smithy/types" "^4.3.2"
    tslib "^2.6.2"

"@aws-sdk/middleware-logger@3.876.0":
  version "3.876.0"
  resolved "https://registry.yarnpkg.com/@aws-sdk/middleware-logger/-/middleware-logger-3.876.0.tgz#16ee45f7bcd887badc8f12d80eef9ba18a0ac97c"
  integrity sha512-cpWJhOuMSyz9oV25Z/CMHCBTgafDCbv7fHR80nlRrPdPZ8ETNsahwRgltXP1QJJ8r3X/c1kwpOR7tc+RabVzNA==
  dependencies:
    "@aws-sdk/types" "3.862.0"
    "@smithy/types" "^4.3.2"
    tslib "^2.6.2"

"@aws-sdk/middleware-recursion-detection@3.873.0":
  version "3.873.0"
  resolved "https://registry.yarnpkg.com/@aws-sdk/middleware-recursion-detection/-/middleware-recursion-detection-3.873.0.tgz#1f9086542800d355d85332acea7accf1856e408b"
  integrity sha512-OtgY8EXOzRdEWR//WfPkA/fXl0+WwE8hq0y9iw2caNyKPtca85dzrrZWnPqyBK/cpImosrpR1iKMYr41XshsCg==
  dependencies:
    "@aws-sdk/types" "3.862.0"
    "@smithy/protocol-http" "^5.1.3"
    "@smithy/types" "^4.3.2"
    tslib "^2.6.2"

"@aws-sdk/middleware-user-agent@3.879.0":
  version "3.879.0"
  resolved "https://registry.yarnpkg.com/@aws-sdk/middleware-user-agent/-/middleware-user-agent-3.879.0.tgz#e207d6ae2a82059d843200d92a2f7ccbaa3cbc67"
  integrity sha512-DDSV8228lQxeMAFKnigkd0fHzzn5aauZMYC3CSj6e5/qE7+9OwpkUcjHfb7HZ9KWG6L2/70aKZXHqiJ4xKhOZw==
  dependencies:
    "@aws-sdk/core" "3.879.0"
    "@aws-sdk/types" "3.862.0"
    "@aws-sdk/util-endpoints" "3.879.0"
    "@smithy/core" "^3.9.0"
    "@smithy/protocol-http" "^5.1.3"
    "@smithy/types" "^4.3.2"
    tslib "^2.6.2"

"@aws-sdk/nested-clients@3.879.0":
  version "3.879.0"
  resolved "https://registry.yarnpkg.com/@aws-sdk/nested-clients/-/nested-clients-3.879.0.tgz#478f7c54c26d40dc564747a1caa6b2d10c1ba471"
  integrity sha512-7+n9NpIz9QtKYnxmw1fHi9C8o0GrX8LbBR4D50c7bH6Iq5+XdSuL5AFOWWQ5cMD0JhqYYJhK/fJsVau3nUtC4g==
  dependencies:
    "@aws-crypto/sha256-browser" "5.2.0"
    "@aws-crypto/sha256-js" "5.2.0"
    "@aws-sdk/core" "3.879.0"
    "@aws-sdk/middleware-host-header" "3.873.0"
    "@aws-sdk/middleware-logger" "3.876.0"
    "@aws-sdk/middleware-recursion-detection" "3.873.0"
    "@aws-sdk/middleware-user-agent" "3.879.0"
    "@aws-sdk/region-config-resolver" "3.873.0"
    "@aws-sdk/types" "3.862.0"
    "@aws-sdk/util-endpoints" "3.879.0"
    "@aws-sdk/util-user-agent-browser" "3.873.0"
    "@aws-sdk/util-user-agent-node" "3.879.0"
    "@smithy/config-resolver" "^4.1.5"
    "@smithy/core" "^3.9.0"
    "@smithy/fetch-http-handler" "^5.1.1"
    "@smithy/hash-node" "^4.0.5"
    "@smithy/invalid-dependency" "^4.0.5"
    "@smithy/middleware-content-length" "^4.0.5"
    "@smithy/middleware-endpoint" "^4.1.19"
    "@smithy/middleware-retry" "^4.1.20"
    "@smithy/middleware-serde" "^4.0.9"
    "@smithy/middleware-stack" "^4.0.5"
    "@smithy/node-config-provider" "^4.1.4"
    "@smithy/node-http-handler" "^4.1.1"
    "@smithy/protocol-http" "^5.1.3"
    "@smithy/smithy-client" "^4.5.0"
    "@smithy/types" "^4.3.2"
    "@smithy/url-parser" "^4.0.5"
    "@smithy/util-base64" "^4.0.0"
    "@smithy/util-body-length-browser" "^4.0.0"
    "@smithy/util-body-length-node" "^4.0.0"
    "@smithy/util-defaults-mode-browser" "^4.0.27"
    "@smithy/util-defaults-mode-node" "^4.0.27"
    "@smithy/util-endpoints" "^3.0.7"
    "@smithy/util-middleware" "^4.0.5"
    "@smithy/util-retry" "^4.0.7"
    "@smithy/util-utf8" "^4.0.0"
    tslib "^2.6.2"

"@aws-sdk/region-config-resolver@3.873.0":
  version "3.873.0"
  resolved "https://registry.yarnpkg.com/@aws-sdk/region-config-resolver/-/region-config-resolver-3.873.0.tgz#9a5ddf8aa5a068d1c728dda3ef7e5b31561f7419"
  integrity sha512-q9sPoef+BBG6PJnc4x60vK/bfVwvRWsPgcoQyIra057S/QGjq5VkjvNk6H8xedf6vnKlXNBwq9BaANBXnldUJg==
  dependencies:
    "@aws-sdk/types" "3.862.0"
    "@smithy/node-config-provider" "^4.1.4"
    "@smithy/types" "^4.3.2"
    "@smithy/util-config-provider" "^4.0.0"
    "@smithy/util-middleware" "^4.0.5"
    tslib "^2.6.2"

"@aws-sdk/token-providers@3.879.0":
  version "3.879.0"
  resolved "https://registry.yarnpkg.com/@aws-sdk/token-providers/-/token-providers-3.879.0.tgz#7c2806f23dc740853da6fe6b7d8a76ef19d4b428"
  integrity sha512-47J7sCwXdnw9plRZNAGVkNEOlSiLb/kR2slnDIHRK9NB/ECKsoqgz5OZQJ9E2f0yqOs8zSNJjn3T01KxpgW8Qw==
  dependencies:
    "@aws-sdk/core" "3.879.0"
    "@aws-sdk/nested-clients" "3.879.0"
    "@aws-sdk/types" "3.862.0"
    "@smithy/property-provider" "^4.0.5"
    "@smithy/shared-ini-file-loader" "^4.0.5"
    "@smithy/types" "^4.3.2"
    tslib "^2.6.2"

"@aws-sdk/types@3.862.0", "@aws-sdk/types@^3.222.0":
  version "3.862.0"
  resolved "https://registry.yarnpkg.com/@aws-sdk/types/-/types-3.862.0.tgz#2f5622e1aa3a5281d4f419f5d2c90f87dd5ff0cf"
  integrity sha512-Bei+RL0cDxxV+lW2UezLbCYYNeJm6Nzee0TpW0FfyTRBhH9C1XQh4+x+IClriXvgBnRquTMMYsmJfvx8iyLKrg==
  dependencies:
    "@smithy/types" "^4.3.2"
    tslib "^2.6.2"

"@aws-sdk/util-endpoints@3.879.0":
  version "3.879.0"
  resolved "https://registry.yarnpkg.com/@aws-sdk/util-endpoints/-/util-endpoints-3.879.0.tgz#e30c15beede883d327dbd290c47512d6d700a2e9"
  integrity sha512-aVAJwGecYoEmbEFju3127TyJDF9qJsKDUUTRMDuS8tGn+QiWQFnfInmbt+el9GU1gEJupNTXV+E3e74y51fb7A==
  dependencies:
    "@aws-sdk/types" "3.862.0"
    "@smithy/types" "^4.3.2"
    "@smithy/url-parser" "^4.0.5"
    "@smithy/util-endpoints" "^3.0.7"
    tslib "^2.6.2"

"@aws-sdk/util-locate-window@^3.0.0":
  version "3.310.0"
  resolved "https://registry.yarnpkg.com/@aws-sdk/util-locate-window/-/util-locate-window-3.310.0.tgz#b071baf050301adee89051032bd4139bba32cc40"
  integrity sha512-qo2t/vBTnoXpjKxlsC2e1gBrRm80M3bId27r0BRB2VniSSe7bL1mmzM+/HFtujm0iAxtPM+aLEflLJlJeDPg0w==
  dependencies:
    tslib "^2.5.0"

"@aws-sdk/util-user-agent-browser@3.873.0":
  version "3.873.0"
  resolved "https://registry.yarnpkg.com/@aws-sdk/util-user-agent-browser/-/util-user-agent-browser-3.873.0.tgz#0fcc3c1877ae74aa692cc0b4ad874bc9a6ee1ad6"
  integrity sha512-AcRdbK6o19yehEcywI43blIBhOCSo6UgyWcuOJX5CFF8k39xm1ILCjQlRRjchLAxWrm0lU0Q7XV90RiMMFMZtA==
  dependencies:
    "@aws-sdk/types" "3.862.0"
    "@smithy/types" "^4.3.2"
    bowser "^2.11.0"
    tslib "^2.6.2"

"@aws-sdk/util-user-agent-node@3.879.0":
  version "3.879.0"
  resolved "https://registry.yarnpkg.com/@aws-sdk/util-user-agent-node/-/util-user-agent-node-3.879.0.tgz#e14001b5fd08d14dab2dd12d08ecd1322ec99615"
  integrity sha512-A5KGc1S+CJRzYnuxJQQmH1BtGsz46AgyHkqReKfGiNQA8ET/9y9LQ5t2ABqnSBHHIh3+MiCcQSkUZ0S3rTodrQ==
  dependencies:
    "@aws-sdk/middleware-user-agent" "3.879.0"
    "@aws-sdk/types" "3.862.0"
    "@smithy/node-config-provider" "^4.1.4"
    "@smithy/types" "^4.3.2"
    tslib "^2.6.2"

"@aws-sdk/xml-builder@3.873.0":
  version "3.873.0"
  resolved "https://registry.yarnpkg.com/@aws-sdk/xml-builder/-/xml-builder-3.873.0.tgz#b5a3acfdeecfc1b7fee8a7773cb2a45590eb5701"
  integrity sha512-kLO7k7cGJ6KaHiExSJWojZurF7SnGMDHXRuQunFnEoD0n1yB6Lqy/S/zHiQ7oJnBhPr9q0TW9qFkrsZb1Uc54w==
  dependencies:
    "@smithy/types" "^4.3.2"
    tslib "^2.6.2"

"@smithy/abort-controller@^4.0.5":
  version "4.0.5"
  resolved "https://registry.yarnpkg.com/@smithy/abort-controller/-/abort-controller-4.0.5.tgz#2872a12d0f11dfdcc4254b39566d5f24ab26a4ab"
  integrity sha512-jcrqdTQurIrBbUm4W2YdLVMQDoL0sA9DTxYd2s+R/y+2U9NLOP7Xf/YqfSg1FZhlZIYEnvk2mwbyvIfdLEPo8g==
  dependencies:
    "@smithy/types" "^4.3.2"
    tslib "^2.6.2"

"@smithy/config-resolver@^4.1.5":
  version "4.1.5"
  resolved "https://registry.yarnpkg.com/@smithy/config-resolver/-/config-resolver-4.1.5.tgz#3cb7cde8d13ca64630e5655812bac9ffe8182469"
  integrity sha512-viuHMxBAqydkB0AfWwHIdwf/PRH2z5KHGUzqyRtS/Wv+n3IHI993Sk76VCA7dD/+GzgGOmlJDITfPcJC1nIVIw==
  dependencies:
    "@smithy/node-config-provider" "^4.1.4"
    "@smithy/types" "^4.3.2"
    "@smithy/util-config-provider" "^4.0.0"
    "@smithy/util-middleware" "^4.0.5"
    tslib "^2.6.2"

"@smithy/core@^3.9.0", "@smithy/core@^3.9.2":
  version "3.9.2"
  resolved "https://registry.yarnpkg.com/@smithy/core/-/core-3.9.2.tgz#445a45e311ba2313d8e584e940299930a70b989f"
  integrity sha512-H7H+dnfyHa/XXmZB3+IcqB1snIvbXaeGbV7//PMY69YKMOfGtuHPg6aukxsD0TyqmIU+bcX5nitR+nf/19nTlQ==
  dependencies:
    "@smithy/middleware-serde" "^4.0.9"
    "@smithy/protocol-http" "^5.1.3"
    "@smithy/types" "^4.3.2"
    "@smithy/util-base64" "^4.0.0"
    "@smithy/util-body-length-browser" "^4.0.0"
    "@smithy/util-middleware" "^4.0.5"
    "@smithy/util-stream" "^4.2.4"
    "@smithy/util-utf8" "^4.0.0"
    "@types/uuid" "^9.0.1"
    tslib "^2.6.2"
    uuid "^9.0.1"

"@smithy/credential-provider-imds@^4.0.7":
  version "4.0.7"
  resolved "https://registry.yarnpkg.com/@smithy/credential-provider-imds/-/credential-provider-imds-4.0.7.tgz#d8bb566ffd8d9e556810b83d6e0b01b39036b810"
  integrity sha512-dDzrMXA8d8riFNiPvytxn0mNwR4B3h8lgrQ5UjAGu6T9z/kRg/Xncf4tEQHE/+t25sY8IH3CowcmWi+1U5B1Gw==
  dependencies:
    "@smithy/node-config-provider" "^4.1.4"
    "@smithy/property-provider" "^4.0.5"
    "@smithy/types" "^4.3.2"
    "@smithy/url-parser" "^4.0.5"
    tslib "^2.6.2"

"@smithy/fetch-http-handler@^5.1.1":
  version "5.1.1"
  resolved "https://registry.yarnpkg.com/@smithy/fetch-http-handler/-/fetch-http-handler-5.1.1.tgz#a444c99bffdf314deb447370429cc3e719f1a866"
  integrity sha512-61WjM0PWmZJR+SnmzaKI7t7G0UkkNFboDpzIdzSoy7TByUzlxo18Qlh9s71qug4AY4hlH/CwXdubMtkcNEb/sQ==
  dependencies:
    "@smithy/protocol-http" "^5.1.3"
    "@smithy/querystring-builder" "^4.0.5"
    "@smithy/types" "^4.3.2"
    "@smithy/util-base64" "^4.0.0"
    tslib "^2.6.2"

"@smithy/hash-node@^4.0.5":
  version "4.0.5"
  resolved "https://registry.yarnpkg.com/@smithy/hash-node/-/hash-node-4.0.5.tgz#16cf8efe42b8b611b1f56f78464b97b27ca6a3ec"
  integrity sha512-cv1HHkKhpyRb6ahD8Vcfb2Hgz67vNIXEp2vnhzfxLFGRukLCNEA5QdsorbUEzXma1Rco0u3rx5VTqbM06GcZqQ==
  dependencies:
    "@smithy/types" "^4.3.2"
    "@smithy/util-buffer-from" "^4.0.0"
    "@smithy/util-utf8" "^4.0.0"
    tslib "^2.6.2"

"@smithy/invalid-dependency@^4.0.5":
  version "4.0.5"
  resolved "https://registry.yarnpkg.com/@smithy/invalid-dependency/-/invalid-dependency-4.0.5.tgz#ed88e209668266b09c4b501f9bd656728b5ece60"
  integrity sha512-IVnb78Qtf7EJpoEVo7qJ8BEXQwgC4n3igeJNNKEj/MLYtapnx8A67Zt/J3RXAj2xSO1910zk0LdFiygSemuLow==
  dependencies:
    "@smithy/types" "^4.3.2"
    tslib "^2.6.2"

"@smithy/is-array-buffer@^2.2.0":
  version "2.2.0"
  resolved "https://registry.yarnpkg.com/@smithy/is-array-buffer/-/is-array-buffer-2.2.0.tgz#f84f0d9f9a36601a9ca9381688bd1b726fd39111"
  integrity sha512-GGP3O9QFD24uGeAXYUjwSTXARoqpZykHadOmA8G5vfJPK0/DC67qa//0qvqrJzL1xc8WQWX7/yc7fwudjPHPhA==
  dependencies:
    tslib "^2.6.2"

"@smithy/is-array-buffer@^4.0.0":
  version "4.0.0"
  resolved "https://registry.yarnpkg.com/@smithy/is-array-buffer/-/is-array-buffer-4.0.0.tgz#55a939029321fec462bcc574890075cd63e94206"
  integrity sha512-saYhF8ZZNoJDTvJBEWgeBccCg+yvp1CX+ed12yORU3NilJScfc6gfch2oVb4QgxZrGUx3/ZJlb+c/dJbyupxlw==
  dependencies:
    tslib "^2.6.2"

"@smithy/middleware-content-length@^4.0.5":
  version "4.0.5"
  resolved "https://registry.yarnpkg.com/@smithy/middleware-content-length/-/middleware-content-length-4.0.5.tgz#c5d6e47f5a9fbba20433602bec9bffaeeb821ff3"
  integrity sha512-l1jlNZoYzoCC7p0zCtBDE5OBXZ95yMKlRlftooE5jPWQn4YBPLgsp+oeHp7iMHaTGoUdFqmHOPa8c9G3gBsRpQ==
  dependencies:
    "@smithy/protocol-http" "^5.1.3"
    "@smithy/types" "^4.3.2"
    tslib "^2.6.2"

"@smithy/middleware-endpoint@^4.1.19", "@smithy/middleware-endpoint@^4.1.21":
  version "4.1.21"
  resolved "https://registry.yarnpkg.com/@smithy/middleware-endpoint/-/middleware-endpoint-4.1.21.tgz#d7ade86f78057db5b9bff9bcbf2485b214920900"
  integrity sha512-VCFE6LGSbnXs6uxLTdtar6dbkOHa9mrj692pZJx1mQVEzk0gvckAX9WB9BzlONUpv92QBWGezROz/+yEitQjAQ==
  dependencies:
    "@smithy/core" "^3.9.2"
    "@smithy/middleware-serde" "^4.0.9"
    "@smithy/node-config-provider" "^4.1.4"
    "@smithy/shared-ini-file-loader" "^4.0.5"
    "@smithy/types" "^4.3.2"
    "@smithy/url-parser" "^4.0.5"
    "@smithy/util-middleware" "^4.0.5"
    tslib "^2.6.2"

"@smithy/middleware-retry@^4.1.20":
  version "4.1.22"
  resolved "https://registry.yarnpkg.com/@smithy/middleware-retry/-/middleware-retry-4.1.22.tgz#adb99babaf60a529bea15706793fcf33e84c68d8"
  integrity sha512-mb6/wn4ixnSJCkKVLs51AKAyknbSTvwrHCM7cqgwGfYQ7/J6Qvv+49cBHe6Rl8Q0m3fROVYcSvM6bBiQtuhYWg==
  dependencies:
    "@smithy/node-config-provider" "^4.1.4"
    "@smithy/protocol-http" "^5.1.3"
    "@smithy/service-error-classification" "^4.0.7"
    "@smithy/smithy-client" "^4.5.2"
    "@smithy/types" "^4.3.2"
    "@smithy/util-middleware" "^4.0.5"
    "@smithy/util-retry" "^4.0.7"
    "@types/uuid" "^9.0.1"
    tslib "^2.6.2"
    uuid "^9.0.1"

"@smithy/middleware-serde@^4.0.9":
  version "4.0.9"
  resolved "https://registry.yarnpkg.com/@smithy/middleware-serde/-/middleware-serde-4.0.9.tgz#71213158bb11c1d632829001ca3f233323fb2a7c"
  integrity sha512-uAFFR4dpeoJPGz8x9mhxp+RPjo5wW0QEEIPPPbLXiRRWeCATf/Km3gKIVR5vaP8bN1kgsPhcEeh+IZvUlBv6Xg==
  dependencies:
    "@smithy/protocol-http" "^5.1.3"
    "@smithy/types" "^4.3.2"
    tslib "^2.6.2"

"@smithy/middleware-stack@^4.0.5":
  version "4.0.5"
  resolved "https://registry.yarnpkg.com/@smithy/middleware-stack/-/middleware-stack-4.0.5.tgz#577050d4c0afe816f1ea85f335b2ef64f73e4328"
  integrity sha512-/yoHDXZPh3ocRVyeWQFvC44u8seu3eYzZRveCMfgMOBcNKnAmOvjbL9+Cp5XKSIi9iYA9PECUuW2teDAk8T+OQ==
  dependencies:
    "@smithy/types" "^4.3.2"
    tslib "^2.6.2"

"@smithy/node-config-provider@^4.1.4":
  version "4.1.4"
  resolved "https://registry.yarnpkg.com/@smithy/node-config-provider/-/node-config-provider-4.1.4.tgz#42f231b7027e5a7ce003fd80180e586fe814944a"
  integrity sha512-+UDQV/k42jLEPPHSn39l0Bmc4sB1xtdI9Gd47fzo/0PbXzJ7ylgaOByVjF5EeQIumkepnrJyfx86dPa9p47Y+w==
  dependencies:
    "@smithy/property-provider" "^4.0.5"
    "@smithy/shared-ini-file-loader" "^4.0.5"
    "@smithy/types" "^4.3.2"
    tslib "^2.6.2"

"@smithy/node-http-handler@^4.1.1":
  version "4.1.1"
  resolved "https://registry.yarnpkg.com/@smithy/node-http-handler/-/node-http-handler-4.1.1.tgz#dd806d9e08b6e73125040dd0808ab56d16a178e9"
  integrity sha512-RHnlHqFpoVdjSPPiYy/t40Zovf3BBHc2oemgD7VsVTFFZrU5erFFe0n52OANZZ/5sbshgD93sOh5r6I35Xmpaw==
  dependencies:
    "@smithy/abort-controller" "^4.0.5"
    "@smithy/protocol-http" "^5.1.3"
    "@smithy/querystring-builder" "^4.0.5"
    "@smithy/types" "^4.3.2"
    tslib "^2.6.2"

"@smithy/property-provider@^4.0.5":
  version "4.0.5"
  resolved "https://registry.yarnpkg.com/@smithy/property-provider/-/property-provider-4.0.5.tgz#d3b368b31d5b130f4c30cc0c91f9ebb28d9685fc"
  integrity sha512-R/bswf59T/n9ZgfgUICAZoWYKBHcsVDurAGX88zsiUtOTA/xUAPyiT+qkNCPwFn43pZqN84M4MiUsbSGQmgFIQ==
  dependencies:
    "@smithy/types" "^4.3.2"
    tslib "^2.6.2"

"@smithy/protocol-http@^5.1.3":
  version "5.1.3"
  resolved "https://registry.yarnpkg.com/@smithy/protocol-http/-/protocol-http-5.1.3.tgz#86855b528c0e4cb9fa6fb4ed6ba3cdf5960f88f4"
  integrity sha512-fCJd2ZR7D22XhDY0l+92pUag/7je2BztPRQ01gU5bMChcyI0rlly7QFibnYHzcxDvccMjlpM/Q1ev8ceRIb48w==
  dependencies:
    "@smithy/types" "^4.3.2"
    tslib "^2.6.2"

"@smithy/querystring-builder@^4.0.5":
  version "4.0.5"
  resolved "https://registry.yarnpkg.com/@smithy/querystring-builder/-/querystring-builder-4.0.5.tgz#158ae170f8ec2d8af6b84cdaf774205a7dfacf68"
  integrity sha512-NJeSCU57piZ56c+/wY+AbAw6rxCCAOZLCIniRE7wqvndqxcKKDOXzwWjrY7wGKEISfhL9gBbAaWWgHsUGedk+A==
  dependencies:
    "@smithy/types" "^4.3.2"
    "@smithy/util-uri-escape" "^4.0.0"
    tslib "^2.6.2"

"@smithy/querystring-parser@^4.0.5":
  version "4.0.5"
  resolved "https://registry.yarnpkg.com/@smithy/querystring-parser/-/querystring-parser-4.0.5.tgz#95706e56aa769f09dc8922d1b19ffaa06946e252"
  integrity sha512-6SV7md2CzNG/WUeTjVe6Dj8noH32r4MnUeFKZrnVYsQxpGSIcphAanQMayi8jJLZAWm6pdM9ZXvKCpWOsIGg0w==
  dependencies:
    "@smithy/types" "^4.3.2"
    tslib "^2.6.2"

"@smithy/service-error-classification@^4.0.7":
  version "4.0.7"
  resolved "https://registry.yarnpkg.com/@smithy/service-error-classification/-/service-error-classification-4.0.7.tgz#24072198a8c110d29677762162a5096e29eb4862"
  integrity sha512-XvRHOipqpwNhEjDf2L5gJowZEm5nsxC16pAZOeEcsygdjv9A2jdOh3YoDQvOXBGTsaJk6mNWtzWalOB9976Wlg==
  dependencies:
    "@smithy/types" "^4.3.2"

"@smithy/shared-ini-file-loader@^4.0.5":
  version "4.0.5"
  resolved "https://registry.yarnpkg.com/@smithy/shared-ini-file-loader/-/shared-ini-file-loader-4.0.5.tgz#8d8a493276cd82a7229c755bef8d375256c5ebb9"
  integrity sha512-YVVwehRDuehgoXdEL4r1tAAzdaDgaC9EQvhK0lEbfnbrd0bd5+CTQumbdPryX3J2shT7ZqQE+jPW4lmNBAB8JQ==
  dependencies:
    "@smithy/types" "^4.3.2"
    tslib "^2.6.2"

"@smithy/signature-v4@^5.1.3":
  version "5.1.3"
  resolved "https://registry.yarnpkg.com/@smithy/signature-v4/-/signature-v4-5.1.3.tgz#92a4f6e9ce66730eeb0d996cd0478c5cbaf5b3f5"
  integrity sha512-mARDSXSEgllNzMw6N+mC+r1AQlEBO3meEAkR/UlfAgnMzJUB3goRBWgip1EAMG99wh36MDqzo86SfIX5Y+VEaw==
  dependencies:
    "@smithy/is-array-buffer" "^4.0.0"
    "@smithy/protocol-http" "^5.1.3"
    "@smithy/types" "^4.3.2"
    "@smithy/util-hex-encoding" "^4.0.0"
    "@smithy/util-middleware" "^4.0.5"
    "@smithy/util-uri-escape" "^4.0.0"
    "@smithy/util-utf8" "^4.0.0"
    tslib "^2.6.2"

"@smithy/smithy-client@^4.5.0", "@smithy/smithy-client@^4.5.2":
  version "4.5.2"
  resolved "https://registry.yarnpkg.com/@smithy/smithy-client/-/smithy-client-4.5.2.tgz#afa03bd3a3c482735c9555b307f38174801c64fd"
  integrity sha512-WRdTJ7aNSJY0WuGpxrvVgRaFKGiuvtXX1Txhnu2BdynraSlH2bcP75riQ4SiQfawU1HNEKaPI5gf/ePm+Ro/Cw==
  dependencies:
    "@smithy/core" "^3.9.2"
    "@smithy/middleware-endpoint" "^4.1.21"
    "@smithy/middleware-stack" "^4.0.5"
    "@smithy/protocol-http" "^5.1.3"
    "@smithy/types" "^4.3.2"
    "@smithy/util-stream" "^4.2.4"
    tslib "^2.6.2"

"@smithy/types@^4.3.2":
  version "4.3.2"
  resolved "https://registry.yarnpkg.com/@smithy/types/-/types-4.3.2.tgz#66ac513e7057637de262e41ac15f70cf464c018a"
  integrity sha512-QO4zghLxiQ5W9UZmX2Lo0nta2PuE1sSrXUYDoaB6HMR762C0P7v/HEPHf6ZdglTVssJG1bsrSBxdc3quvDSihw==
  dependencies:
    tslib "^2.6.2"

"@smithy/url-parser@^4.0.5":
  version "4.0.5"
  resolved "https://registry.yarnpkg.com/@smithy/url-parser/-/url-parser-4.0.5.tgz#1824a9c108b85322c5a31f345f608d47d06f073a"
  integrity sha512-j+733Um7f1/DXjYhCbvNXABV53NyCRRA54C7bNEIxNPs0YjfRxeMKjjgm2jvTYrciZyCjsicHwQ6Q0ylo+NAUw==
  dependencies:
    "@smithy/querystring-parser" "^4.0.5"
    "@smithy/types" "^4.3.2"
    tslib "^2.6.2"

"@smithy/util-base64@^4.0.0":
  version "4.0.0"
  resolved "https://registry.yarnpkg.com/@smithy/util-base64/-/util-base64-4.0.0.tgz#8345f1b837e5f636e5f8470c4d1706ae0c6d0358"
  integrity sha512-CvHfCmO2mchox9kjrtzoHkWHxjHZzaFojLc8quxXY7WAAMAg43nuxwv95tATVgQFNDwd4M9S1qFzj40Ul41Kmg==
  dependencies:
    "@smithy/util-buffer-from" "^4.0.0"
    "@smithy/util-utf8" "^4.0.0"
    tslib "^2.6.2"

"@smithy/util-body-length-browser@^4.0.0":
  version "4.0.0"
  resolved "https://registry.yarnpkg.com/@smithy/util-body-length-browser/-/util-body-length-browser-4.0.0.tgz#965d19109a4b1e5fe7a43f813522cce718036ded"
  integrity sha512-sNi3DL0/k64/LO3A256M+m3CDdG6V7WKWHdAiBBMUN8S3hK3aMPhwnPik2A/a2ONN+9doY9UxaLfgqsIRg69QA==
  dependencies:
    tslib "^2.6.2"

"@smithy/util-body-length-node@^4.0.0":
  version "4.0.0"
  resolved "https://registry.yarnpkg.com/@smithy/util-body-length-node/-/util-body-length-node-4.0.0.tgz#3db245f6844a9b1e218e30c93305bfe2ffa473b3"
  integrity sha512-q0iDP3VsZzqJyje8xJWEJCNIu3lktUGVoSy1KB0UWym2CL1siV3artm+u1DFYTLejpsrdGyCSWBdGNjJzfDPjg==
  dependencies:
    tslib "^2.6.2"

"@smithy/util-buffer-from@^2.2.0":
  version "2.2.0"
  resolved "https://registry.yarnpkg.com/@smithy/util-buffer-from/-/util-buffer-from-2.2.0.tgz#6fc88585165ec73f8681d426d96de5d402021e4b"
  integrity sha512-IJdWBbTcMQ6DA0gdNhh/BwrLkDR+ADW5Kr1aZmd4k3DIF6ezMV4R2NIAmT08wQJ3yUK82thHWmC/TnK/wpMMIA==
  dependencies:
    "@smithy/is-array-buffer" "^2.2.0"
    tslib "^2.6.2"

"@smithy/util-buffer-from@^4.0.0":
  version "4.0.0"
  resolved "https://registry.yarnpkg.com/@smithy/util-buffer-from/-/util-buffer-from-4.0.0.tgz#b23b7deb4f3923e84ef50c8b2c5863d0dbf6c0b9"
  integrity sha512-9TOQ7781sZvddgO8nxueKi3+yGvkY35kotA0Y6BWRajAv8jjmigQ1sBwz0UX47pQMYXJPahSKEKYFgt+rXdcug==
  dependencies:
    "@smithy/is-array-buffer" "^4.0.0"
    tslib "^2.6.2"

"@smithy/util-config-provider@^4.0.0":
  version "4.0.0"
  resolved "https://registry.yarnpkg.com/@smithy/util-config-provider/-/util-config-provider-4.0.0.tgz#e0c7c8124c7fba0b696f78f0bd0ccb060997d45e"
  integrity sha512-L1RBVzLyfE8OXH+1hsJ8p+acNUSirQnWQ6/EgpchV88G6zGBTDPdXiiExei6Z1wR2RxYvxY/XLw6AMNCCt8H3w==
  dependencies:
    tslib "^2.6.2"

"@smithy/util-defaults-mode-browser@^4.0.27":
  version "4.0.29"
  resolved "https://registry.yarnpkg.com/@smithy/util-defaults-mode-browser/-/util-defaults-mode-browser-4.0.29.tgz#7e112ee84435985dfa3794e7156532f8cf528b9e"
  integrity sha512-awrIb21sWml3OMRhqf8e5GPLuZAcH3PRAHXVOPof/rBOKLxc6N01ZRs25154Ww6Ygm9oNP6G0tVvhcy8ktYXtw==
  dependencies:
    "@smithy/property-provider" "^4.0.5"
    "@smithy/smithy-client" "^4.5.2"
    "@smithy/types" "^4.3.2"
    bowser "^2.11.0"
    tslib "^2.6.2"

"@smithy/util-defaults-mode-node@^4.0.27":
  version "4.0.29"
  resolved "https://registry.yarnpkg.com/@smithy/util-defaults-mode-node/-/util-defaults-mode-node-4.0.29.tgz#7e0444f90334ca64c7546b3d75b6aa128ff2f913"
  integrity sha512-DxBWCC059GwOQXc5nxVudhdGQLZHTDhU4rkK4rvaBQn8IWBw8G+3H2hWk897LaNv6zwwhh7kpfqF0rJ77DvlSg==
  dependencies:
    "@smithy/config-resolver" "^4.1.5"
    "@smithy/credential-provider-imds" "^4.0.7"
    "@smithy/node-config-provider" "^4.1.4"
    "@smithy/property-provider" "^4.0.5"
    "@smithy/smithy-client" "^4.5.2"
    "@smithy/types" "^4.3.2"
    tslib "^2.6.2"

"@smithy/util-endpoints@^3.0.7":
  version "3.0.7"
  resolved "https://registry.yarnpkg.com/@smithy/util-endpoints/-/util-endpoints-3.0.7.tgz#9d52f2e7e7a1ea4814ae284270a5f1d3930b3773"
  integrity sha512-klGBP+RpBp6V5JbrY2C/VKnHXn3d5V2YrifZbmMY8os7M6m8wdYFoO6w/fe5VkP+YVwrEktW3IWYaSQVNZJ8oQ==
  dependencies:
    "@smithy/node-config-provider" "^4.1.4"
    "@smithy/types" "^4.3.2"
    tslib "^2.6.2"

"@smithy/util-hex-encoding@^4.0.0":
  version "4.0.0"
  resolved "https://registry.yarnpkg.com/@smithy/util-hex-encoding/-/util-hex-encoding-4.0.0.tgz#dd449a6452cffb37c5b1807ec2525bb4be551e8d"
  integrity sha512-Yk5mLhHtfIgW2W2WQZWSg5kuMZCVbvhFmC7rV4IO2QqnZdbEFPmQnCcGMAX2z/8Qj3B9hYYNjZOhWym+RwhePw==
  dependencies:
    tslib "^2.6.2"

"@smithy/util-middleware@^4.0.5":
  version "4.0.5"
  resolved "https://registry.yarnpkg.com/@smithy/util-middleware/-/util-middleware-4.0.5.tgz#405caf2a66e175ce8ca6c747fa1245b3f5386879"
  integrity sha512-N40PfqsZHRSsByGB81HhSo+uvMxEHT+9e255S53pfBw/wI6WKDI7Jw9oyu5tJTLwZzV5DsMha3ji8jk9dsHmQQ==
  dependencies:
    "@smithy/types" "^4.3.2"
    tslib "^2.6.2"

"@smithy/util-retry@^4.0.7":
  version "4.0.7"
  resolved "https://registry.yarnpkg.com/@smithy/util-retry/-/util-retry-4.0.7.tgz#3169450193e917da170a87557fcbdfe0faa86779"
  integrity sha512-TTO6rt0ppK70alZpkjwy+3nQlTiqNfoXja+qwuAchIEAIoSZW8Qyd76dvBv3I5bCpE38APafG23Y/u270NspiQ==
  dependencies:
    "@smithy/service-error-classification" "^4.0.7"
    "@smithy/types" "^4.3.2"
    tslib "^2.6.2"

"@smithy/util-stream@^4.2.4":
  version "4.2.4"
  resolved "https://registry.yarnpkg.com/@smithy/util-stream/-/util-stream-4.2.4.tgz#fa9f0e2fd5a8a5adbd013066b475ea8f9d4f900f"
  integrity sha512-vSKnvNZX2BXzl0U2RgCLOwWaAP9x/ddd/XobPK02pCbzRm5s55M53uwb1rl/Ts7RXZvdJZerPkA+en2FDghLuQ==
  dependencies:
    "@smithy/fetch-http-handler" "^5.1.1"
    "@smithy/node-http-handler" "^4.1.1"
    "@smithy/types" "^4.3.2"
    "@smithy/util-base64" "^4.0.0"
    "@smithy/util-buffer-from" "^4.0.0"
    "@smithy/util-hex-encoding" "^4.0.0"
    "@smithy/util-utf8" "^4.0.0"
    tslib "^2.6.2"

"@smithy/util-uri-escape@^4.0.0":
  version "4.0.0"
  resolved "https://registry.yarnpkg.com/@smithy/util-uri-escape/-/util-uri-escape-4.0.0.tgz#a96c160c76f3552458a44d8081fade519d214737"
  integrity sha512-77yfbCbQMtgtTylO9itEAdpPXSog3ZxMe09AEhm0dU0NLTalV70ghDZFR+Nfi1C60jnJoh/Re4090/DuZh2Omg==
  dependencies:
    tslib "^2.6.2"

"@smithy/util-utf8@^2.0.0":
  version "2.3.0"
  resolved "https://registry.yarnpkg.com/@smithy/util-utf8/-/util-utf8-2.3.0.tgz#dd96d7640363259924a214313c3cf16e7dd329c5"
  integrity sha512-R8Rdn8Hy72KKcebgLiv8jQcQkXoLMOGGv5uI1/k0l+snqkOzQ1R0ChUBCxWMlBsFMekWjq0wRudIweFs7sKT5A==
  dependencies:
    "@smithy/util-buffer-from" "^2.2.0"
    tslib "^2.6.2"

"@smithy/util-utf8@^4.0.0":
  version "4.0.0"
  resolved "https://registry.yarnpkg.com/@smithy/util-utf8/-/util-utf8-4.0.0.tgz#09ca2d9965e5849e72e347c130f2a29d5c0c863c"
  integrity sha512-b+zebfKCfRdgNJDknHCob3O7FpeYQN6ZG6YLExMcasDHsCXlsXCEuiPZeLnJLpwa5dvPetGlnGCiMHuLwGvFow==
  dependencies:
    "@smithy/util-buffer-from" "^4.0.0"
    tslib "^2.6.2"

"@smithy/util-waiter@^4.0.7":
  version "4.0.7"
  resolved "https://registry.yarnpkg.com/@smithy/util-waiter/-/util-waiter-4.0.7.tgz#c013cf6a5918c21f8b430b4a825dbac132163f4a"
  integrity sha512-mYqtQXPmrwvUljaHyGxYUIIRI3qjBTEb/f5QFi3A6VlxhpmZd5mWXn9W+qUkf2pVE1Hv3SqxefiZOPGdxmO64A==
  dependencies:
    "@smithy/abort-controller" "^4.0.5"
    "@smithy/types" "^4.3.2"
    tslib "^2.6.2"

"@types/uuid@^9.0.1":
  version "9.0.8"
  resolved "https://registry.yarnpkg.com/@types/uuid/-/uuid-9.0.8.tgz#7545ba4fc3c003d6c756f651f3bf163d8f0f29ba"
  integrity sha512-jg+97EGIcY9AGHJJRaaPVgetKDsrTgbRjQ5Msgjh/DQKEFl0DtyRr/VCOyD1T2R1MNeWPK/u7JoGhlDZnKBAfA==

bowser@^2.11.0:
  version "2.11.0"
  resolved "https://registry.yarnpkg.com/bowser/-/bowser-2.11.0.tgz#5ca3c35757a7aa5771500c70a73a9f91ef420a8f"
  integrity sha512-AlcaJBi/pqqJBIQ8U9Mcpc9i8Aqxn88Skv5d+xBX006BY5u8N3mGLHa5Lgppa7L/HfwgwLgZ6NYs+Ag6uUmJRA==

fast-xml-parser@5.2.5:
  version "5.2.5"
  resolved "https://registry.yarnpkg.com/fast-xml-parser/-/fast-xml-parser-5.2.5.tgz#4809fdfb1310494e341098c25cb1341a01a9144a"
  integrity sha512-pfX9uG9Ki0yekDHx2SiuRIyFdyAr1kMIMitPvb0YBo8SUfKvia7w7FIyd/l6av85pFYRhZscS75MwMnbvY+hcQ==
  dependencies:
    strnum "^2.1.0"

strnum@^2.1.0:
  version "2.1.1"
  resolved "https://registry.yarnpkg.com/strnum/-/strnum-2.1.1.tgz#cf2a6e0cf903728b8b2c4b971b7e36b4e82d46ab"
  integrity sha512-7ZvoFTiCnGxBtDqJ//Cu6fWtZtc7Y3x+QOirG15wztbdngGSkht27o2pyGWrVy0b4WAy3jbKmnoK6g5VlVNUUw==

tslib@^2.5.0, tslib@^2.6.2:
  version "2.6.3"
  resolved "https://registry.yarnpkg.com/tslib/-/tslib-2.6.3.tgz#0438f810ad7a9edcde7a241c3d80db693c8cbfe0"
  integrity sha512-xNvxJEOUiWPGhUuUdQgAJPKOOJfGnIyKySOc09XkKsgdUV/3E2zvwZYdejjmRgPCgcym1juLH3226yA7sEFJKQ==

uuid@^9.0.1:
  version "9.0.1"
  resolved "https://registry.yarnpkg.com/uuid/-/uuid-9.0.1.tgz#e188d4c8853cc722220392c424cd637f32293f30"
  integrity sha512-b+1eJOlsR9K8HJpow9Ok3fiWOWSIcIzXodvv0rQjVoOVNpWMpxf1wZNpt4y9h10odCNrqnYp1OBzRktckBe3sA==
