# THIS IS AN AUTOGENERATED FILE. DO NOT EDIT THIS FILE DIRECTLY.
# yarn lockfile v1


"@aws-crypto/sha256-browser@5.2.0":
  version "5.2.0"
  resolved "https://registry.yarnpkg.com/@aws-crypto/sha256-browser/-/sha256-browser-5.2.0.tgz#153895ef1dba6f9fce38af550e0ef58988eb649e"
  integrity sha512-AXfN/lGotSQwu6HNcEsIASo7kWXZ5HYWvfOmSNKDsEqC4OashTp8alTmaz+F7TC2L083SFv5RdB+qU3Vs1kZqw==
  dependencies:
    "@aws-crypto/sha256-js" "^5.2.0"
    "@aws-crypto/supports-web-crypto" "^5.2.0"
    "@aws-crypto/util" "^5.2.0"
    "@aws-sdk/types" "^3.222.0"
    "@aws-sdk/util-locate-window" "^3.0.0"
    "@smithy/util-utf8" "^2.0.0"
    tslib "^2.6.2"

"@aws-crypto/sha256-js@5.2.0", "@aws-crypto/sha256-js@^5.2.0":
  version "5.2.0"
  resolved "https://registry.yarnpkg.com/@aws-crypto/sha256-js/-/sha256-js-5.2.0.tgz#c4fdb773fdbed9a664fc1a95724e206cf3860042"
  integrity sha512-FFQQyu7edu4ufvIZ+OadFpHHOt+eSTBaYaki44c+akjg7qZg9oOQeLlk77F6tSYqjDAFClrHJk9tMf0HdVyOvA==
  dependencies:
    "@aws-crypto/util" "^5.2.0"
    "@aws-sdk/types" "^3.222.0"
    tslib "^2.6.2"

"@aws-crypto/supports-web-crypto@^5.2.0":
  version "5.2.0"
  resolved "https://registry.yarnpkg.com/@aws-crypto/supports-web-crypto/-/supports-web-crypto-5.2.0.tgz#a1e399af29269be08e695109aa15da0a07b5b5fb"
  integrity sha512-iAvUotm021kM33eCdNfwIN//F77/IADDSs58i+MDaOqFrVjZo9bAal0NK7HurRuWLLpF1iLX7gbWrjHjeo+YFg==
  dependencies:
    tslib "^2.6.2"

"@aws-crypto/util@^5.2.0":
  version "5.2.0"
  resolved "https://registry.yarnpkg.com/@aws-crypto/util/-/util-5.2.0.tgz#71284c9cffe7927ddadac793c14f14886d3876da"
  integrity sha512-4RkU9EsI6ZpBve5fseQlGNUWKMa1RLPQ1dnjnQoe07ldfIzcsGb5hC5W0Dm7u423KWzawlrpbjXBrXCEv9zazQ==
  dependencies:
    "@aws-sdk/types" "^3.222.0"
    "@smithy/util-utf8" "^2.0.0"
    tslib "^2.6.2"

"@aws-sdk/client-ssm@3.693.0":
  version "3.693.0"
  resolved "https://registry.yarnpkg.com/@aws-sdk/client-ssm/-/client-ssm-3.693.0.tgz#049d1d835bbad4728d11a24c816cb66d09aade84"
  integrity sha512-aRzSsibYoM6nawzgleBnvuMbj2Lw3KZh6jQxTeMeV8L0znS7+3+vTHPSz4fZsW1NHGY4FD6C4oozPLPivVvyFg==
  dependencies:
    "@aws-crypto/sha256-browser" "5.2.0"
    "@aws-crypto/sha256-js" "5.2.0"
    "@aws-sdk/client-sso-oidc" "3.693.0"
    "@aws-sdk/client-sts" "3.693.0"
    "@aws-sdk/core" "3.693.0"
    "@aws-sdk/credential-provider-node" "3.693.0"
    "@aws-sdk/middleware-host-header" "3.693.0"
    "@aws-sdk/middleware-logger" "3.693.0"
    "@aws-sdk/middleware-recursion-detection" "3.693.0"
    "@aws-sdk/middleware-user-agent" "3.693.0"
    "@aws-sdk/region-config-resolver" "3.693.0"
    "@aws-sdk/types" "3.692.0"
    "@aws-sdk/util-endpoints" "3.693.0"
    "@aws-sdk/util-user-agent-browser" "3.693.0"
    "@aws-sdk/util-user-agent-node" "3.693.0"
    "@smithy/config-resolver" "^3.0.11"
    "@smithy/core" "^2.5.2"
    "@smithy/fetch-http-handler" "^4.1.0"
    "@smithy/hash-node" "^3.0.9"
    "@smithy/invalid-dependency" "^3.0.9"
    "@smithy/middleware-content-length" "^3.0.11"
    "@smithy/middleware-endpoint" "^3.2.2"
    "@smithy/middleware-retry" "^3.0.26"
    "@smithy/middleware-serde" "^3.0.9"
    "@smithy/middleware-stack" "^3.0.9"
    "@smithy/node-config-provider" "^3.1.10"
    "@smithy/node-http-handler" "^3.3.0"
    "@smithy/protocol-http" "^4.1.6"
    "@smithy/smithy-client" "^3.4.3"
    "@smithy/types" "^3.7.0"
    "@smithy/url-parser" "^3.0.9"
    "@smithy/util-base64" "^3.0.0"
    "@smithy/util-body-length-browser" "^3.0.0"
    "@smithy/util-body-length-node" "^3.0.0"
    "@smithy/util-defaults-mode-browser" "^3.0.26"
    "@smithy/util-defaults-mode-node" "^3.0.26"
    "@smithy/util-endpoints" "^2.1.5"
    "@smithy/util-middleware" "^3.0.9"
    "@smithy/util-retry" "^3.0.9"
    "@smithy/util-utf8" "^3.0.0"
    "@smithy/util-waiter" "^3.1.8"
    "@types/uuid" "^9.0.1"
    tslib "^2.6.2"
    uuid "^9.0.1"

"@aws-sdk/client-sso-oidc@3.693.0":
  version "3.693.0"
  resolved "https://registry.yarnpkg.com/@aws-sdk/client-sso-oidc/-/client-sso-oidc-3.693.0.tgz#2fd7f93bd81839f5cd08c5e6e9a578b80572d3c4"
  integrity sha512-UEDbYlYtK/e86OOMyFR4zEPyenIxDzO2DRdz3fwVW7RzZ94wfmSwBh/8skzPTuY1G7sI064cjHW0b0QG01Sdtg==
  dependencies:
    "@aws-crypto/sha256-browser" "5.2.0"
    "@aws-crypto/sha256-js" "5.2.0"
    "@aws-sdk/core" "3.693.0"
    "@aws-sdk/credential-provider-node" "3.693.0"
    "@aws-sdk/middleware-host-header" "3.693.0"
    "@aws-sdk/middleware-logger" "3.693.0"
    "@aws-sdk/middleware-recursion-detection" "3.693.0"
    "@aws-sdk/middleware-user-agent" "3.693.0"
    "@aws-sdk/region-config-resolver" "3.693.0"
    "@aws-sdk/types" "3.692.0"
    "@aws-sdk/util-endpoints" "3.693.0"
    "@aws-sdk/util-user-agent-browser" "3.693.0"
    "@aws-sdk/util-user-agent-node" "3.693.0"
    "@smithy/config-resolver" "^3.0.11"
    "@smithy/core" "^2.5.2"
    "@smithy/fetch-http-handler" "^4.1.0"
    "@smithy/hash-node" "^3.0.9"
    "@smithy/invalid-dependency" "^3.0.9"
    "@smithy/middleware-content-length" "^3.0.11"
    "@smithy/middleware-endpoint" "^3.2.2"
    "@smithy/middleware-retry" "^3.0.26"
    "@smithy/middleware-serde" "^3.0.9"
    "@smithy/middleware-stack" "^3.0.9"
    "@smithy/node-config-provider" "^3.1.10"
    "@smithy/node-http-handler" "^3.3.0"
    "@smithy/protocol-http" "^4.1.6"
    "@smithy/smithy-client" "^3.4.3"
    "@smithy/types" "^3.7.0"
    "@smithy/url-parser" "^3.0.9"
    "@smithy/util-base64" "^3.0.0"
    "@smithy/util-body-length-browser" "^3.0.0"
    "@smithy/util-body-length-node" "^3.0.0"
    "@smithy/util-defaults-mode-browser" "^3.0.26"
    "@smithy/util-defaults-mode-node" "^3.0.26"
    "@smithy/util-endpoints" "^2.1.5"
    "@smithy/util-middleware" "^3.0.9"
    "@smithy/util-retry" "^3.0.9"
    "@smithy/util-utf8" "^3.0.0"
    tslib "^2.6.2"

"@aws-sdk/client-sso@3.693.0":
  version "3.693.0"
  resolved "https://registry.yarnpkg.com/@aws-sdk/client-sso/-/client-sso-3.693.0.tgz#9cd5e07e57013b8c7980512810d775d7b6f67e36"
  integrity sha512-QEynrBC26x6TG9ZMzApR/kZ3lmt4lEIs2D+cHuDxt6fDGzahBUsQFBwJqhizzsM97JJI5YvmJhmihoYjdSSaXA==
  dependencies:
    "@aws-crypto/sha256-browser" "5.2.0"
    "@aws-crypto/sha256-js" "5.2.0"
    "@aws-sdk/core" "3.693.0"
    "@aws-sdk/middleware-host-header" "3.693.0"
    "@aws-sdk/middleware-logger" "3.693.0"
    "@aws-sdk/middleware-recursion-detection" "3.693.0"
    "@aws-sdk/middleware-user-agent" "3.693.0"
    "@aws-sdk/region-config-resolver" "3.693.0"
    "@aws-sdk/types" "3.692.0"
    "@aws-sdk/util-endpoints" "3.693.0"
    "@aws-sdk/util-user-agent-browser" "3.693.0"
    "@aws-sdk/util-user-agent-node" "3.693.0"
    "@smithy/config-resolver" "^3.0.11"
    "@smithy/core" "^2.5.2"
    "@smithy/fetch-http-handler" "^4.1.0"
    "@smithy/hash-node" "^3.0.9"
    "@smithy/invalid-dependency" "^3.0.9"
    "@smithy/middleware-content-length" "^3.0.11"
    "@smithy/middleware-endpoint" "^3.2.2"
    "@smithy/middleware-retry" "^3.0.26"
    "@smithy/middleware-serde" "^3.0.9"
    "@smithy/middleware-stack" "^3.0.9"
    "@smithy/node-config-provider" "^3.1.10"
    "@smithy/node-http-handler" "^3.3.0"
    "@smithy/protocol-http" "^4.1.6"
    "@smithy/smithy-client" "^3.4.3"
    "@smithy/types" "^3.7.0"
    "@smithy/url-parser" "^3.0.9"
    "@smithy/util-base64" "^3.0.0"
    "@smithy/util-body-length-browser" "^3.0.0"
    "@smithy/util-body-length-node" "^3.0.0"
    "@smithy/util-defaults-mode-browser" "^3.0.26"
    "@smithy/util-defaults-mode-node" "^3.0.26"
    "@smithy/util-endpoints" "^2.1.5"
    "@smithy/util-middleware" "^3.0.9"
    "@smithy/util-retry" "^3.0.9"
    "@smithy/util-utf8" "^3.0.0"
    tslib "^2.6.2"

"@aws-sdk/client-sts@3.693.0":
  version "3.693.0"
  resolved "https://registry.yarnpkg.com/@aws-sdk/client-sts/-/client-sts-3.693.0.tgz#9e2c418f4850269635632bee4d1a31057c04bcc5"
  integrity sha512-4S2y7VEtvdnjJX4JPl4kDQlslxXEZFnC50/UXVUYSt/AMc5A/GgspFNA5FVz4E3Gwpfobbf23hR2NBF8AGvYoQ==
  dependencies:
    "@aws-crypto/sha256-browser" "5.2.0"
    "@aws-crypto/sha256-js" "5.2.0"
    "@aws-sdk/client-sso-oidc" "3.693.0"
    "@aws-sdk/core" "3.693.0"
    "@aws-sdk/credential-provider-node" "3.693.0"
    "@aws-sdk/middleware-host-header" "3.693.0"
    "@aws-sdk/middleware-logger" "3.693.0"
    "@aws-sdk/middleware-recursion-detection" "3.693.0"
    "@aws-sdk/middleware-user-agent" "3.693.0"
    "@aws-sdk/region-config-resolver" "3.693.0"
    "@aws-sdk/types" "3.692.0"
    "@aws-sdk/util-endpoints" "3.693.0"
    "@aws-sdk/util-user-agent-browser" "3.693.0"
    "@aws-sdk/util-user-agent-node" "3.693.0"
    "@smithy/config-resolver" "^3.0.11"
    "@smithy/core" "^2.5.2"
    "@smithy/fetch-http-handler" "^4.1.0"
    "@smithy/hash-node" "^3.0.9"
    "@smithy/invalid-dependency" "^3.0.9"
    "@smithy/middleware-content-length" "^3.0.11"
    "@smithy/middleware-endpoint" "^3.2.2"
    "@smithy/middleware-retry" "^3.0.26"
    "@smithy/middleware-serde" "^3.0.9"
    "@smithy/middleware-stack" "^3.0.9"
    "@smithy/node-config-provider" "^3.1.10"
    "@smithy/node-http-handler" "^3.3.0"
    "@smithy/protocol-http" "^4.1.6"
    "@smithy/smithy-client" "^3.4.3"
    "@smithy/types" "^3.7.0"
    "@smithy/url-parser" "^3.0.9"
    "@smithy/util-base64" "^3.0.0"
    "@smithy/util-body-length-browser" "^3.0.0"
    "@smithy/util-body-length-node" "^3.0.0"
    "@smithy/util-defaults-mode-browser" "^3.0.26"
    "@smithy/util-defaults-mode-node" "^3.0.26"
    "@smithy/util-endpoints" "^2.1.5"
    "@smithy/util-middleware" "^3.0.9"
    "@smithy/util-retry" "^3.0.9"
    "@smithy/util-utf8" "^3.0.0"
    tslib "^2.6.2"

"@aws-sdk/core@3.693.0":
  version "3.693.0"
  resolved "https://registry.yarnpkg.com/@aws-sdk/core/-/core-3.693.0.tgz#437969dd740895a59863d737bad14646bc2e1725"
  integrity sha512-v6Z/kWmLFqRLDPEwl9hJGhtTgIFHjZugSfF1Yqffdxf4n1AWgtHS7qSegakuMyN5pP4K2tvUD8qHJ+gGe2Bw2A==
  dependencies:
    "@aws-sdk/types" "3.692.0"
    "@smithy/core" "^2.5.2"
    "@smithy/node-config-provider" "^3.1.10"
    "@smithy/property-provider" "^3.1.9"
    "@smithy/protocol-http" "^4.1.6"
    "@smithy/signature-v4" "^4.2.2"
    "@smithy/smithy-client" "^3.4.3"
    "@smithy/types" "^3.7.0"
    "@smithy/util-middleware" "^3.0.9"
    fast-xml-parser "4.4.1"
    tslib "^2.6.2"

"@aws-sdk/credential-provider-env@3.693.0":
  version "3.693.0"
  resolved "https://registry.yarnpkg.com/@aws-sdk/credential-provider-env/-/credential-provider-env-3.693.0.tgz#f97feed9809fe2800216943470015fdaaba47c4f"
  integrity sha512-hMUZaRSF7+iBKZfBHNLihFs9zvpM1CB8MBOTnTp5NGCVkRYF3SB2LH+Kcippe0ats4qCyB1eEoyQX99rERp2iQ==
  dependencies:
    "@aws-sdk/core" "3.693.0"
    "@aws-sdk/types" "3.692.0"
    "@smithy/property-provider" "^3.1.9"
    "@smithy/types" "^3.7.0"
    tslib "^2.6.2"

"@aws-sdk/credential-provider-http@3.693.0":
  version "3.693.0"
  resolved "https://registry.yarnpkg.com/@aws-sdk/credential-provider-http/-/credential-provider-http-3.693.0.tgz#5caad0ac47eded1edeb63f907280580ccfaadba3"
  integrity sha512-sL8MvwNJU7ZpD7/d2VVb3by1GknIJUxzTIgYtVkDVA/ojo+KRQSSHxcj0EWWXF5DTSh2Tm+LrEug3y1ZyKHsDA==
  dependencies:
    "@aws-sdk/core" "3.693.0"
    "@aws-sdk/types" "3.692.0"
    "@smithy/fetch-http-handler" "^4.1.0"
    "@smithy/node-http-handler" "^3.3.0"
    "@smithy/property-provider" "^3.1.9"
    "@smithy/protocol-http" "^4.1.6"
    "@smithy/smithy-client" "^3.4.3"
    "@smithy/types" "^3.7.0"
    "@smithy/util-stream" "^3.3.0"
    tslib "^2.6.2"

"@aws-sdk/credential-provider-ini@3.693.0":
  version "3.693.0"
  resolved "https://registry.yarnpkg.com/@aws-sdk/credential-provider-ini/-/credential-provider-ini-3.693.0.tgz#b4557ac1092657660a15c9bd55e17c27f79ec621"
  integrity sha512-kvaa4mXhCCOuW7UQnBhYqYfgWmwy7WSBSDClutwSLPZvgrhYj2l16SD2lN4IfYdxARYMJJ1lFYp3/jJG/9Yk4Q==
  dependencies:
    "@aws-sdk/core" "3.693.0"
    "@aws-sdk/credential-provider-env" "3.693.0"
    "@aws-sdk/credential-provider-http" "3.693.0"
    "@aws-sdk/credential-provider-process" "3.693.0"
    "@aws-sdk/credential-provider-sso" "3.693.0"
    "@aws-sdk/credential-provider-web-identity" "3.693.0"
    "@aws-sdk/types" "3.692.0"
    "@smithy/credential-provider-imds" "^3.2.6"
    "@smithy/property-provider" "^3.1.9"
    "@smithy/shared-ini-file-loader" "^3.1.10"
    "@smithy/types" "^3.7.0"
    tslib "^2.6.2"

"@aws-sdk/credential-provider-node@3.693.0":
  version "3.693.0"
  resolved "https://registry.yarnpkg.com/@aws-sdk/credential-provider-node/-/credential-provider-node-3.693.0.tgz#c5ceac64a69304d5b4db3fd68473480cafddb4a9"
  integrity sha512-42WMsBjTNnjYxYuM3qD/Nq+8b7UdMopUq5OduMDxoM3mFTV6PXMMnfI4Z1TNnR4tYRvPXAnuNltF6xmjKbSJRA==
  dependencies:
    "@aws-sdk/credential-provider-env" "3.693.0"
    "@aws-sdk/credential-provider-http" "3.693.0"
    "@aws-sdk/credential-provider-ini" "3.693.0"
    "@aws-sdk/credential-provider-process" "3.693.0"
    "@aws-sdk/credential-provider-sso" "3.693.0"
    "@aws-sdk/credential-provider-web-identity" "3.693.0"
    "@aws-sdk/types" "3.692.0"
    "@smithy/credential-provider-imds" "^3.2.6"
    "@smithy/property-provider" "^3.1.9"
    "@smithy/shared-ini-file-loader" "^3.1.10"
    "@smithy/types" "^3.7.0"
    tslib "^2.6.2"

"@aws-sdk/credential-provider-process@3.693.0":
  version "3.693.0"
  resolved "https://registry.yarnpkg.com/@aws-sdk/credential-provider-process/-/credential-provider-process-3.693.0.tgz#e84e945f1a148f06ff697608d5309e73347e5aa9"
  integrity sha512-cvxQkrTWHHjeHrPlj7EWXPnFSq8x7vMx+Zn1oTsMpCY445N9KuzjfJTkmNGwU2GT6rSZI9/0MM02aQvl5bBBTQ==
  dependencies:
    "@aws-sdk/core" "3.693.0"
    "@aws-sdk/types" "3.692.0"
    "@smithy/property-provider" "^3.1.9"
    "@smithy/shared-ini-file-loader" "^3.1.10"
    "@smithy/types" "^3.7.0"
    tslib "^2.6.2"

"@aws-sdk/credential-provider-sso@3.693.0":
  version "3.693.0"
  resolved "https://registry.yarnpkg.com/@aws-sdk/credential-provider-sso/-/credential-provider-sso-3.693.0.tgz#72767389f533d9d17a14af63daaafcc8368ab43a"
  integrity sha512-479UlJxY+BFjj3pJFYUNC0DCMrykuG7wBAXfsvZqQxKUa83DnH5Q1ID/N2hZLkxjGd4ZW0AC3lTOMxFelGzzpQ==
  dependencies:
    "@aws-sdk/client-sso" "3.693.0"
    "@aws-sdk/core" "3.693.0"
    "@aws-sdk/token-providers" "3.693.0"
    "@aws-sdk/types" "3.692.0"
    "@smithy/property-provider" "^3.1.9"
    "@smithy/shared-ini-file-loader" "^3.1.10"
    "@smithy/types" "^3.7.0"
    tslib "^2.6.2"

"@aws-sdk/credential-provider-web-identity@3.693.0":
  version "3.693.0"
  resolved "https://registry.yarnpkg.com/@aws-sdk/credential-provider-web-identity/-/credential-provider-web-identity-3.693.0.tgz#b6133b5ef9d3582e36e02e9c66766714ff672a11"
  integrity sha512-8LB210Pr6VeCiSb2hIra+sAH4KUBLyGaN50axHtIgufVK8jbKIctTZcVY5TO9Se+1107TsruzeXS7VeqVdJfFA==
  dependencies:
    "@aws-sdk/core" "3.693.0"
    "@aws-sdk/types" "3.692.0"
    "@smithy/property-provider" "^3.1.9"
    "@smithy/types" "^3.7.0"
    tslib "^2.6.2"

"@aws-sdk/middleware-host-header@3.693.0":
  version "3.693.0"
  resolved "https://registry.yarnpkg.com/@aws-sdk/middleware-host-header/-/middleware-host-header-3.693.0.tgz#69322909c0792df1e6be7c7fb5e2b6f76090a55c"
  integrity sha512-BCki6sAZ5jYwIN/t3ElCiwerHad69ipHwPsDCxJQyeiOnJ8HG+lEpnVIfrnI8A0fLQNSF3Gtx6ahfBpKiv1Oug==
  dependencies:
    "@aws-sdk/types" "3.692.0"
    "@smithy/protocol-http" "^4.1.6"
    "@smithy/types" "^3.7.0"
    tslib "^2.6.2"

"@aws-sdk/middleware-logger@3.693.0":
  version "3.693.0"
  resolved "https://registry.yarnpkg.com/@aws-sdk/middleware-logger/-/middleware-logger-3.693.0.tgz#fc10294e6963f8e5d58ba1ededd891e999f544a9"
  integrity sha512-dXnXDPr+wIiJ1TLADACI1g9pkSB21KkMIko2u4CJ2JCBoxi5IqeTnVoa6YcC8GdFNVRl+PorZ3Zqfmf1EOTC6w==
  dependencies:
    "@aws-sdk/types" "3.692.0"
    "@smithy/types" "^3.7.0"
    tslib "^2.6.2"

"@aws-sdk/middleware-recursion-detection@3.693.0":
  version "3.693.0"
  resolved "https://registry.yarnpkg.com/@aws-sdk/middleware-recursion-detection/-/middleware-recursion-detection-3.693.0.tgz#88a8157293775e7116707da26501da4b5e042f51"
  integrity sha512-0LDmM+VxXp0u3rG0xQRWD/q6Ubi7G8I44tBPahevD5CaiDZTkmNTrVUf0VEJgVe0iCKBppACMBDkLB0/ETqkFw==
  dependencies:
    "@aws-sdk/types" "3.692.0"
    "@smithy/protocol-http" "^4.1.6"
    "@smithy/types" "^3.7.0"
    tslib "^2.6.2"

"@aws-sdk/middleware-user-agent@3.693.0":
  version "3.693.0"
  resolved "https://registry.yarnpkg.com/@aws-sdk/middleware-user-agent/-/middleware-user-agent-3.693.0.tgz#4b55cfab3fc7e671b08e1ea63a98e45a1e13e6a5"
  integrity sha512-/KUq/KEpFFbQmNmpp7SpAtFAdViquDfD2W0QcG07zYBfz9MwE2ig48ALynXm5sMpRmnG7sJXjdvPtTsSVPfkiw==
  dependencies:
    "@aws-sdk/core" "3.693.0"
    "@aws-sdk/types" "3.692.0"
    "@aws-sdk/util-endpoints" "3.693.0"
    "@smithy/core" "^2.5.2"
    "@smithy/protocol-http" "^4.1.6"
    "@smithy/types" "^3.7.0"
    tslib "^2.6.2"

"@aws-sdk/region-config-resolver@3.693.0":
  version "3.693.0"
  resolved "https://registry.yarnpkg.com/@aws-sdk/region-config-resolver/-/region-config-resolver-3.693.0.tgz#9cde5e99f654c788540acfb2a4218d444e8621c2"
  integrity sha512-YLUkMsUY0GLW/nfwlZ69cy1u07EZRmsv8Z9m0qW317/EZaVx59hcvmcvb+W4bFqj5E8YImTjoGfE4cZ0F9mkyw==
  dependencies:
    "@aws-sdk/types" "3.692.0"
    "@smithy/node-config-provider" "^3.1.10"
    "@smithy/types" "^3.7.0"
    "@smithy/util-config-provider" "^3.0.0"
    "@smithy/util-middleware" "^3.0.9"
    tslib "^2.6.2"

"@aws-sdk/token-providers@3.693.0":
  version "3.693.0"
  resolved "https://registry.yarnpkg.com/@aws-sdk/token-providers/-/token-providers-3.693.0.tgz#5ce7d6aa7a3437d4abdc0dca1be47f5158d15c85"
  integrity sha512-nDBTJMk1l/YmFULGfRbToOA2wjf+FkQT4dMgYCv+V9uSYsMzQj8A7Tha2dz9yv4vnQgYaEiErQ8d7HVyXcVEoA==
  dependencies:
    "@aws-sdk/types" "3.692.0"
    "@smithy/property-provider" "^3.1.9"
    "@smithy/shared-ini-file-loader" "^3.1.10"
    "@smithy/types" "^3.7.0"
    tslib "^2.6.2"

"@aws-sdk/types@3.692.0", "@aws-sdk/types@^3.222.0":
  version "3.692.0"
  resolved "https://registry.yarnpkg.com/@aws-sdk/types/-/types-3.692.0.tgz#c8f6c75b6ad659865b72759796d4d92c1b72069b"
  integrity sha512-RpNvzD7zMEhiKgmlxGzyXaEcg2khvM7wd5sSHVapOcrde1awQSOMGI4zKBQ+wy5TnDfrm170ROz/ERLYtrjPZA==
  dependencies:
    "@smithy/types" "^3.7.0"
    tslib "^2.6.2"

"@aws-sdk/util-endpoints@3.693.0":
  version "3.693.0"
  resolved "https://registry.yarnpkg.com/@aws-sdk/util-endpoints/-/util-endpoints-3.693.0.tgz#99f56f83fc25bdc3321f5871d6354abd56768891"
  integrity sha512-eo4F6DRQ/kxS3gxJpLRv+aDNy76DxQJL5B3DPzpr9Vkq0ygVoi4GT5oIZLVaAVIJmi6k5qq9dLsYZfWLUxJJSg==
  dependencies:
    "@aws-sdk/types" "3.692.0"
    "@smithy/types" "^3.7.0"
    "@smithy/util-endpoints" "^2.1.5"
    tslib "^2.6.2"

"@aws-sdk/util-locate-window@^3.0.0":
  version "3.310.0"
  resolved "https://registry.yarnpkg.com/@aws-sdk/util-locate-window/-/util-locate-window-3.310.0.tgz#b071baf050301adee89051032bd4139bba32cc40"
  integrity sha512-qo2t/vBTnoXpjKxlsC2e1gBrRm80M3bId27r0BRB2VniSSe7bL1mmzM+/HFtujm0iAxtPM+aLEflLJlJeDPg0w==
  dependencies:
    tslib "^2.5.0"

"@aws-sdk/util-user-agent-browser@3.693.0":
  version "3.693.0"
  resolved "https://registry.yarnpkg.com/@aws-sdk/util-user-agent-browser/-/util-user-agent-browser-3.693.0.tgz#c6969be97e7cd0190b3b72a82a642b29ff4659c4"
  integrity sha512-6EUfuKOujtddy18OLJUaXfKBgs+UcbZ6N/3QV4iOkubCUdeM1maIqs++B9bhCbWeaeF5ORizJw5FTwnyNjE/mw==
  dependencies:
    "@aws-sdk/types" "3.692.0"
    "@smithy/types" "^3.7.0"
    bowser "^2.11.0"
    tslib "^2.6.2"

"@aws-sdk/util-user-agent-node@3.693.0":
  version "3.693.0"
  resolved "https://registry.yarnpkg.com/@aws-sdk/util-user-agent-node/-/util-user-agent-node-3.693.0.tgz#b26c806faa2001d4fa1d515b146eeff411513dd9"
  integrity sha512-td0OVX8m5ZKiXtecIDuzY3Y3UZIzvxEr57Hp21NOwieqKCG2UeyQWWeGPv0FQaU7dpTkvFmVNI+tx9iB8V/Nhg==
  dependencies:
    "@aws-sdk/middleware-user-agent" "3.693.0"
    "@aws-sdk/types" "3.692.0"
    "@smithy/node-config-provider" "^3.1.10"
    "@smithy/types" "^3.7.0"
    tslib "^2.6.2"

"@smithy/abort-controller@^3.1.8":
  version "3.1.8"
  resolved "https://registry.yarnpkg.com/@smithy/abort-controller/-/abort-controller-3.1.8.tgz#ce0c10ddb2b39107d70b06bbb8e4f6e368bc551d"
  integrity sha512-+3DOBcUn5/rVjlxGvUPKc416SExarAQ+Qe0bqk30YSUjbepwpS7QN0cyKUSifvLJhdMZ0WPzPP5ymut0oonrpQ==
  dependencies:
    "@smithy/types" "^3.7.1"
    tslib "^2.6.2"

"@smithy/config-resolver@^3.0.11", "@smithy/config-resolver@^3.0.12":
  version "3.0.12"
  resolved "https://registry.yarnpkg.com/@smithy/config-resolver/-/config-resolver-3.0.12.tgz#f355f95fcb5ee932a90871a488a4f2128e8ad3ac"
  integrity sha512-YAJP9UJFZRZ8N+UruTeq78zkdjUHmzsY62J4qKWZ4SXB4QXJ/+680EfXXgkYA2xj77ooMqtUY9m406zGNqwivQ==
  dependencies:
    "@smithy/node-config-provider" "^3.1.11"
    "@smithy/types" "^3.7.1"
    "@smithy/util-config-provider" "^3.0.0"
    "@smithy/util-middleware" "^3.0.10"
    tslib "^2.6.2"

"@smithy/core@^2.5.2", "@smithy/core@^2.5.3":
  version "2.5.3"
  resolved "https://registry.yarnpkg.com/@smithy/core/-/core-2.5.3.tgz#1d5723f676b0d6ec08c515272f0ac03aa59fac72"
  integrity sha512-96uW8maifUSmehaeW7uydWn7wBc98NEeNI3zN8vqakGpyCQgzyJaA64Z4FCOUmAdCJkhppd/7SZ798Fo4Xx37g==
  dependencies:
    "@smithy/middleware-serde" "^3.0.10"
    "@smithy/protocol-http" "^4.1.7"
    "@smithy/types" "^3.7.1"
    "@smithy/util-body-length-browser" "^3.0.0"
    "@smithy/util-middleware" "^3.0.10"
    "@smithy/util-stream" "^3.3.1"
    "@smithy/util-utf8" "^3.0.0"
    tslib "^2.6.2"

"@smithy/credential-provider-imds@^3.2.6", "@smithy/credential-provider-imds@^3.2.7":
  version "3.2.7"
  resolved "https://registry.yarnpkg.com/@smithy/credential-provider-imds/-/credential-provider-imds-3.2.7.tgz#6eedf87ba0238723ec46d8ce0f18e276685a702d"
  integrity sha512-cEfbau+rrWF8ylkmmVAObOmjbTIzKyUC5TkBL58SbLywD0RCBC4JAUKbmtSm2w5KUJNRPGgpGFMvE2FKnuNlWQ==
  dependencies:
    "@smithy/node-config-provider" "^3.1.11"
    "@smithy/property-provider" "^3.1.10"
    "@smithy/types" "^3.7.1"
    "@smithy/url-parser" "^3.0.10"
    tslib "^2.6.2"

"@smithy/fetch-http-handler@^4.1.0", "@smithy/fetch-http-handler@^4.1.1":
  version "4.1.1"
  resolved "https://registry.yarnpkg.com/@smithy/fetch-http-handler/-/fetch-http-handler-4.1.1.tgz#cead80762af4cdea11e7eeb627ea1c4835265dfa"
  integrity sha512-bH7QW0+JdX0bPBadXt8GwMof/jz0H28I84hU1Uet9ISpzUqXqRQ3fEZJ+ANPOhzSEczYvANNl3uDQDYArSFDtA==
  dependencies:
    "@smithy/protocol-http" "^4.1.7"
    "@smithy/querystring-builder" "^3.0.10"
    "@smithy/types" "^3.7.1"
    "@smithy/util-base64" "^3.0.0"
    tslib "^2.6.2"

"@smithy/hash-node@^3.0.9":
  version "3.0.10"
  resolved "https://registry.yarnpkg.com/@smithy/hash-node/-/hash-node-3.0.10.tgz#93c857b4bff3a48884886440fd9772924887e592"
  integrity sha512-3zWGWCHI+FlJ5WJwx73Mw2llYR8aflVyZN5JhoqLxbdPZi6UyKSdCeXAWJw9ja22m6S6Tzz1KZ+kAaSwvydi0g==
  dependencies:
    "@smithy/types" "^3.7.1"
    "@smithy/util-buffer-from" "^3.0.0"
    "@smithy/util-utf8" "^3.0.0"
    tslib "^2.6.2"

"@smithy/invalid-dependency@^3.0.9":
  version "3.0.10"
  resolved "https://registry.yarnpkg.com/@smithy/invalid-dependency/-/invalid-dependency-3.0.10.tgz#8616dee555916c24dec3e33b1e046c525efbfee3"
  integrity sha512-Lp2L65vFi+cj0vFMu2obpPW69DU+6O5g3086lmI4XcnRCG8PxvpWC7XyaVwJCxsZFzueHjXnrOH/E0pl0zikfA==
  dependencies:
    "@smithy/types" "^3.7.1"
    tslib "^2.6.2"

"@smithy/is-array-buffer@^2.2.0":
  version "2.2.0"
  resolved "https://registry.yarnpkg.com/@smithy/is-array-buffer/-/is-array-buffer-2.2.0.tgz#f84f0d9f9a36601a9ca9381688bd1b726fd39111"
  integrity sha512-GGP3O9QFD24uGeAXYUjwSTXARoqpZykHadOmA8G5vfJPK0/DC67qa//0qvqrJzL1xc8WQWX7/yc7fwudjPHPhA==
  dependencies:
    tslib "^2.6.2"

"@smithy/is-array-buffer@^3.0.0":
  version "3.0.0"
  resolved "https://registry.yarnpkg.com/@smithy/is-array-buffer/-/is-array-buffer-3.0.0.tgz#9a95c2d46b8768946a9eec7f935feaddcffa5e7a"
  integrity sha512-+Fsu6Q6C4RSJiy81Y8eApjEB5gVtM+oFKTffg+jSuwtvomJJrhUJBu2zS8wjXSgH/g1MKEWrzyChTBe6clb5FQ==
  dependencies:
    tslib "^2.6.2"

"@smithy/middleware-content-length@^3.0.11":
  version "3.0.12"
  resolved "https://registry.yarnpkg.com/@smithy/middleware-content-length/-/middleware-content-length-3.0.12.tgz#3b248ed1e8f1e0ae67171abb8eae9da7ab7ca613"
  integrity sha512-1mDEXqzM20yywaMDuf5o9ue8OkJ373lSPbaSjyEvkWdqELhFMyNNgKGWL/rCSf4KME8B+HlHKuR8u9kRj8HzEQ==
  dependencies:
    "@smithy/protocol-http" "^4.1.7"
    "@smithy/types" "^3.7.1"
    tslib "^2.6.2"

"@smithy/middleware-endpoint@^3.2.2", "@smithy/middleware-endpoint@^3.2.3":
  version "3.2.3"
  resolved "https://registry.yarnpkg.com/@smithy/middleware-endpoint/-/middleware-endpoint-3.2.3.tgz#7dd3df0052fc55891522631a7751e613b6efd68a"
  integrity sha512-Hdl9296i/EMptaX7agrSzJZDiz5Y8XPUeBbctTmMtnCguGpqfU3jVsTUan0VLaOhsnquqWLL8Bl5HrlbVGT1og==
  dependencies:
    "@smithy/core" "^2.5.3"
    "@smithy/middleware-serde" "^3.0.10"
    "@smithy/node-config-provider" "^3.1.11"
    "@smithy/shared-ini-file-loader" "^3.1.11"
    "@smithy/types" "^3.7.1"
    "@smithy/url-parser" "^3.0.10"
    "@smithy/util-middleware" "^3.0.10"
    tslib "^2.6.2"

"@smithy/middleware-retry@^3.0.26":
  version "3.0.27"
  resolved "https://registry.yarnpkg.com/@smithy/middleware-retry/-/middleware-retry-3.0.27.tgz#2e4dda420178835cd2d416479505d313b601ba21"
  integrity sha512-H3J/PjJpLL7Tt+fxDKiOD25sMc94YetlQhCnYeNmina2LZscAdu0ZEZPas/kwePHABaEtqp7hqa5S4UJgMs1Tg==
  dependencies:
    "@smithy/node-config-provider" "^3.1.11"
    "@smithy/protocol-http" "^4.1.7"
    "@smithy/service-error-classification" "^3.0.10"
    "@smithy/smithy-client" "^3.4.4"
    "@smithy/types" "^3.7.1"
    "@smithy/util-middleware" "^3.0.10"
    "@smithy/util-retry" "^3.0.10"
    tslib "^2.6.2"
    uuid "^9.0.1"

"@smithy/middleware-serde@^3.0.10", "@smithy/middleware-serde@^3.0.9":
  version "3.0.10"
  resolved "https://registry.yarnpkg.com/@smithy/middleware-serde/-/middleware-serde-3.0.10.tgz#5f6c0b57b10089a21d355bd95e9b7d40378454d7"
  integrity sha512-MnAuhh+dD14F428ubSJuRnmRsfOpxSzvRhaGVTvd/lrUDE3kxzCCmH8lnVTvoNQnV2BbJ4c15QwZ3UdQBtFNZA==
  dependencies:
    "@smithy/types" "^3.7.1"
    tslib "^2.6.2"

"@smithy/middleware-stack@^3.0.10", "@smithy/middleware-stack@^3.0.9":
  version "3.0.10"
  resolved "https://registry.yarnpkg.com/@smithy/middleware-stack/-/middleware-stack-3.0.10.tgz#73e2fde5d151440844161773a17ee13375502baf"
  integrity sha512-grCHyoiARDBBGPyw2BeicpjgpsDFWZZxptbVKb3CRd/ZA15F/T6rZjCCuBUjJwdck1nwUuIxYtsS4H9DDpbP5w==
  dependencies:
    "@smithy/types" "^3.7.1"
    tslib "^2.6.2"

"@smithy/node-config-provider@^3.1.10", "@smithy/node-config-provider@^3.1.11":
  version "3.1.11"
  resolved "https://registry.yarnpkg.com/@smithy/node-config-provider/-/node-config-provider-3.1.11.tgz#95feba85a5cb3de3fe9adfff1060b35fd556d023"
  integrity sha512-URq3gT3RpDikh/8MBJUB+QGZzfS7Bm6TQTqoh4CqE8NBuyPkWa5eUXj0XFcFfeZVgg3WMh1u19iaXn8FvvXxZw==
  dependencies:
    "@smithy/property-provider" "^3.1.10"
    "@smithy/shared-ini-file-loader" "^3.1.11"
    "@smithy/types" "^3.7.1"
    tslib "^2.6.2"

"@smithy/node-http-handler@^3.3.0", "@smithy/node-http-handler@^3.3.1":
  version "3.3.1"
  resolved "https://registry.yarnpkg.com/@smithy/node-http-handler/-/node-http-handler-3.3.1.tgz#788fc1c22c21a0cf982f4025ccf9f64217f3164f"
  integrity sha512-fr+UAOMGWh6bn4YSEezBCpJn9Ukp9oR4D32sCjCo7U81evE11YePOQ58ogzyfgmjIO79YeOdfXXqr0jyhPQeMg==
  dependencies:
    "@smithy/abort-controller" "^3.1.8"
    "@smithy/protocol-http" "^4.1.7"
    "@smithy/querystring-builder" "^3.0.10"
    "@smithy/types" "^3.7.1"
    tslib "^2.6.2"

"@smithy/property-provider@^3.1.10", "@smithy/property-provider@^3.1.9":
  version "3.1.10"
  resolved "https://registry.yarnpkg.com/@smithy/property-provider/-/property-provider-3.1.10.tgz#ae00447c1060c194c3e1b9475f7c8548a70f8486"
  integrity sha512-n1MJZGTorTH2DvyTVj+3wXnd4CzjJxyXeOgnTlgNVFxaaMeT4OteEp4QrzF8p9ee2yg42nvyVK6R/awLCakjeQ==
  dependencies:
    "@smithy/types" "^3.7.1"
    tslib "^2.6.2"

"@smithy/protocol-http@^4.1.6", "@smithy/protocol-http@^4.1.7":
  version "4.1.7"
  resolved "https://registry.yarnpkg.com/@smithy/protocol-http/-/protocol-http-4.1.7.tgz#5c67e62beb5deacdb94f2127f9a344bdf1b2ed6e"
  integrity sha512-FP2LepWD0eJeOTm0SjssPcgqAlDFzOmRXqXmGhfIM52G7Lrox/pcpQf6RP4F21k0+O12zaqQt5fCDOeBtqY6Cg==
  dependencies:
    "@smithy/types" "^3.7.1"
    tslib "^2.6.2"

"@smithy/querystring-builder@^3.0.10":
  version "3.0.10"
  resolved "https://registry.yarnpkg.com/@smithy/querystring-builder/-/querystring-builder-3.0.10.tgz#db8773af85ee3977c82b8e35a5cdd178c621306d"
  integrity sha512-nT9CQF3EIJtIUepXQuBFb8dxJi3WVZS3XfuDksxSCSn+/CzZowRLdhDn+2acbBv8R6eaJqPupoI/aRFIImNVPQ==
  dependencies:
    "@smithy/types" "^3.7.1"
    "@smithy/util-uri-escape" "^3.0.0"
    tslib "^2.6.2"

"@smithy/querystring-parser@^3.0.10":
  version "3.0.10"
  resolved "https://registry.yarnpkg.com/@smithy/querystring-parser/-/querystring-parser-3.0.10.tgz#62db744a1ed2cf90f4c08d2c73d365e033b4a11c"
  integrity sha512-Oa0XDcpo9SmjhiDD9ua2UyM3uU01ZTuIrNdZvzwUTykW1PM8o2yJvMh1Do1rY5sUQg4NDV70dMi0JhDx4GyxuQ==
  dependencies:
    "@smithy/types" "^3.7.1"
    tslib "^2.6.2"

"@smithy/service-error-classification@^3.0.10":
  version "3.0.10"
  resolved "https://registry.yarnpkg.com/@smithy/service-error-classification/-/service-error-classification-3.0.10.tgz#941c549daf0e9abb84d3def1d9e1e3f0f74f5ba6"
  integrity sha512-zHe642KCqDxXLuhs6xmHVgRwy078RfqxP2wRDpIyiF8EmsWXptMwnMwbVa50lw+WOGNrYm9zbaEg0oDe3PTtvQ==
  dependencies:
    "@smithy/types" "^3.7.1"

"@smithy/shared-ini-file-loader@^3.1.10", "@smithy/shared-ini-file-loader@^3.1.11":
  version "3.1.11"
  resolved "https://registry.yarnpkg.com/@smithy/shared-ini-file-loader/-/shared-ini-file-loader-3.1.11.tgz#0b4f98c4a66480956fbbefc4627c5dc09d891aea"
  integrity sha512-AUdrIZHFtUgmfSN4Gq9nHu3IkHMa1YDcN+s061Nfm+6pQ0mJy85YQDB0tZBCmls0Vuj22pLwDPmL92+Hvfwwlg==
  dependencies:
    "@smithy/types" "^3.7.1"
    tslib "^2.6.2"

"@smithy/signature-v4@^4.2.2":
  version "4.2.3"
  resolved "https://registry.yarnpkg.com/@smithy/signature-v4/-/signature-v4-4.2.3.tgz#abbca5e5fe9158422b3125b2956791a325a27f22"
  integrity sha512-pPSQQ2v2vu9vc8iew7sszLd0O09I5TRc5zhY71KA+Ao0xYazIG+uLeHbTJfIWGO3BGVLiXjUr3EEeCcEQLjpWQ==
  dependencies:
    "@smithy/is-array-buffer" "^3.0.0"
    "@smithy/protocol-http" "^4.1.7"
    "@smithy/types" "^3.7.1"
    "@smithy/util-hex-encoding" "^3.0.0"
    "@smithy/util-middleware" "^3.0.10"
    "@smithy/util-uri-escape" "^3.0.0"
    "@smithy/util-utf8" "^3.0.0"
    tslib "^2.6.2"

"@smithy/smithy-client@^3.4.3", "@smithy/smithy-client@^3.4.4":
  version "3.4.4"
  resolved "https://registry.yarnpkg.com/@smithy/smithy-client/-/smithy-client-3.4.4.tgz#460870dc97d945fa2f390890359cf09d01131e0f"
  integrity sha512-dPGoJuSZqvirBq+yROapBcHHvFjChoAQT8YPWJ820aPHHiowBlB3RL1Q4kPT1hx0qKgJuf+HhyzKi5Gbof4fNA==
  dependencies:
    "@smithy/core" "^2.5.3"
    "@smithy/middleware-endpoint" "^3.2.3"
    "@smithy/middleware-stack" "^3.0.10"
    "@smithy/protocol-http" "^4.1.7"
    "@smithy/types" "^3.7.1"
    "@smithy/util-stream" "^3.3.1"
    tslib "^2.6.2"

"@smithy/types@^3.7.0", "@smithy/types@^3.7.1":
  version "3.7.1"
  resolved "https://registry.yarnpkg.com/@smithy/types/-/types-3.7.1.tgz#4af54c4e28351e9101996785a33f2fdbf93debe7"
  integrity sha512-XKLcLXZY7sUQgvvWyeaL/qwNPp6V3dWcUjqrQKjSb+tzYiCy340R/c64LV5j+Tnb2GhmunEX0eou+L+m2hJNYA==
  dependencies:
    tslib "^2.6.2"

"@smithy/url-parser@^3.0.10", "@smithy/url-parser@^3.0.9":
  version "3.0.10"
  resolved "https://registry.yarnpkg.com/@smithy/url-parser/-/url-parser-3.0.10.tgz#f389985a79766cff4a99af14979f01a17ce318da"
  integrity sha512-j90NUalTSBR2NaZTuruEgavSdh8MLirf58LoGSk4AtQfyIymogIhgnGUU2Mga2bkMkpSoC9gxb74xBXL5afKAQ==
  dependencies:
    "@smithy/querystring-parser" "^3.0.10"
    "@smithy/types" "^3.7.1"
    tslib "^2.6.2"

"@smithy/util-base64@^3.0.0":
  version "3.0.0"
  resolved "https://registry.yarnpkg.com/@smithy/util-base64/-/util-base64-3.0.0.tgz#f7a9a82adf34e27a72d0719395713edf0e493017"
  integrity sha512-Kxvoh5Qtt0CDsfajiZOCpJxgtPHXOKwmM+Zy4waD43UoEMA+qPxxa98aE/7ZhdnBFZFXMOiBR5xbcaMhLtznQQ==
  dependencies:
    "@smithy/util-buffer-from" "^3.0.0"
    "@smithy/util-utf8" "^3.0.0"
    tslib "^2.6.2"

"@smithy/util-body-length-browser@^3.0.0":
  version "3.0.0"
  resolved "https://registry.yarnpkg.com/@smithy/util-body-length-browser/-/util-body-length-browser-3.0.0.tgz#86ec2f6256310b4845a2f064e2f571c1ca164ded"
  integrity sha512-cbjJs2A1mLYmqmyVl80uoLTJhAcfzMOyPgjwAYusWKMdLeNtzmMz9YxNl3/jRLoxSS3wkqkf0jwNdtXWtyEBaQ==
  dependencies:
    tslib "^2.6.2"

"@smithy/util-body-length-node@^3.0.0":
  version "3.0.0"
  resolved "https://registry.yarnpkg.com/@smithy/util-body-length-node/-/util-body-length-node-3.0.0.tgz#99a291bae40d8932166907fe981d6a1f54298a6d"
  integrity sha512-Tj7pZ4bUloNUP6PzwhN7K386tmSmEET9QtQg0TgdNOnxhZvCssHji+oZTUIuzxECRfG8rdm2PMw2WCFs6eIYkA==
  dependencies:
    tslib "^2.6.2"

"@smithy/util-buffer-from@^2.2.0":
  version "2.2.0"
  resolved "https://registry.yarnpkg.com/@smithy/util-buffer-from/-/util-buffer-from-2.2.0.tgz#6fc88585165ec73f8681d426d96de5d402021e4b"
  integrity sha512-IJdWBbTcMQ6DA0gdNhh/BwrLkDR+ADW5Kr1aZmd4k3DIF6ezMV4R2NIAmT08wQJ3yUK82thHWmC/TnK/wpMMIA==
  dependencies:
    "@smithy/is-array-buffer" "^2.2.0"
    tslib "^2.6.2"

"@smithy/util-buffer-from@^3.0.0":
  version "3.0.0"
  resolved "https://registry.yarnpkg.com/@smithy/util-buffer-from/-/util-buffer-from-3.0.0.tgz#559fc1c86138a89b2edaefc1e6677780c24594e3"
  integrity sha512-aEOHCgq5RWFbP+UDPvPot26EJHjOC+bRgse5A8V3FSShqd5E5UN4qc7zkwsvJPPAVsf73QwYcHN1/gt/rtLwQA==
  dependencies:
    "@smithy/is-array-buffer" "^3.0.0"
    tslib "^2.6.2"

"@smithy/util-config-provider@^3.0.0":
  version "3.0.0"
  resolved "https://registry.yarnpkg.com/@smithy/util-config-provider/-/util-config-provider-3.0.0.tgz#62c6b73b22a430e84888a8f8da4b6029dd5b8efe"
  integrity sha512-pbjk4s0fwq3Di/ANL+rCvJMKM5bzAQdE5S/6RL5NXgMExFAi6UgQMPOm5yPaIWPpr+EOXKXRonJ3FoxKf4mCJQ==
  dependencies:
    tslib "^2.6.2"

"@smithy/util-defaults-mode-browser@^3.0.26":
  version "3.0.27"
  resolved "https://registry.yarnpkg.com/@smithy/util-defaults-mode-browser/-/util-defaults-mode-browser-3.0.27.tgz#d5df39faee8ad4bb5a6920b208469caa9dda2ccb"
  integrity sha512-GV8NvPy1vAGp7u5iD/xNKUxCorE4nQzlyl057qRac+KwpH5zq8wVq6rE3lPPeuFLyQXofPN6JwxL1N9ojGapiQ==
  dependencies:
    "@smithy/property-provider" "^3.1.10"
    "@smithy/smithy-client" "^3.4.4"
    "@smithy/types" "^3.7.1"
    bowser "^2.11.0"
    tslib "^2.6.2"

"@smithy/util-defaults-mode-node@^3.0.26":
  version "3.0.27"
  resolved "https://registry.yarnpkg.com/@smithy/util-defaults-mode-node/-/util-defaults-mode-node-3.0.27.tgz#a7248c9d9cb620827ab57ef9d1867bfe8aef42d0"
  integrity sha512-7+4wjWfZqZxZVJvDutO+i1GvL6bgOajEkop4FuR6wudFlqBiqwxw3HoH6M9NgeCd37km8ga8NPp2JacQEtAMPg==
  dependencies:
    "@smithy/config-resolver" "^3.0.12"
    "@smithy/credential-provider-imds" "^3.2.7"
    "@smithy/node-config-provider" "^3.1.11"
    "@smithy/property-provider" "^3.1.10"
    "@smithy/smithy-client" "^3.4.4"
    "@smithy/types" "^3.7.1"
    tslib "^2.6.2"

"@smithy/util-endpoints@^2.1.5":
  version "2.1.6"
  resolved "https://registry.yarnpkg.com/@smithy/util-endpoints/-/util-endpoints-2.1.6.tgz#720cbd1a616ad7c099b77780f0cb0f1f9fc5d2df"
  integrity sha512-mFV1t3ndBh0yZOJgWxO9J/4cHZVn5UG1D8DeCc6/echfNkeEJWu9LD7mgGH5fHrEdR7LDoWw7PQO6QiGpHXhgA==
  dependencies:
    "@smithy/node-config-provider" "^3.1.11"
    "@smithy/types" "^3.7.1"
    tslib "^2.6.2"

"@smithy/util-hex-encoding@^3.0.0":
  version "3.0.0"
  resolved "https://registry.yarnpkg.com/@smithy/util-hex-encoding/-/util-hex-encoding-3.0.0.tgz#32938b33d5bf2a15796cd3f178a55b4155c535e6"
  integrity sha512-eFndh1WEK5YMUYvy3lPlVmYY/fZcQE1D8oSf41Id2vCeIkKJXPcYDCZD+4+xViI6b1XSd7tE+s5AmXzz5ilabQ==
  dependencies:
    tslib "^2.6.2"

"@smithy/util-middleware@^3.0.10", "@smithy/util-middleware@^3.0.9":
  version "3.0.10"
  resolved "https://registry.yarnpkg.com/@smithy/util-middleware/-/util-middleware-3.0.10.tgz#ab8be99f1aaafe5a5490c344f27a264b72b7592f"
  integrity sha512-eJO+/+RsrG2RpmY68jZdwQtnfsxjmPxzMlQpnHKjFPwrYqvlcT+fHdT+ZVwcjlWSrByOhGr9Ff2GG17efc192A==
  dependencies:
    "@smithy/types" "^3.7.1"
    tslib "^2.6.2"

"@smithy/util-retry@^3.0.10", "@smithy/util-retry@^3.0.9":
  version "3.0.10"
  resolved "https://registry.yarnpkg.com/@smithy/util-retry/-/util-retry-3.0.10.tgz#fc13e1b30e87af0cbecadf29ca83b171e2040440"
  integrity sha512-1l4qatFp4PiU6j7UsbasUHL2VU023NRB/gfaa1M0rDqVrRN4g3mCArLRyH3OuktApA4ye+yjWQHjdziunw2eWA==
  dependencies:
    "@smithy/service-error-classification" "^3.0.10"
    "@smithy/types" "^3.7.1"
    tslib "^2.6.2"

"@smithy/util-stream@^3.3.0", "@smithy/util-stream@^3.3.1":
  version "3.3.1"
  resolved "https://registry.yarnpkg.com/@smithy/util-stream/-/util-stream-3.3.1.tgz#a2636f435637ef90d64df2bb8e71cd63236be112"
  integrity sha512-Ff68R5lJh2zj+AUTvbAU/4yx+6QPRzg7+pI7M1FbtQHcRIp7xvguxVsQBKyB3fwiOwhAKu0lnNyYBaQfSW6TNw==
  dependencies:
    "@smithy/fetch-http-handler" "^4.1.1"
    "@smithy/node-http-handler" "^3.3.1"
    "@smithy/types" "^3.7.1"
    "@smithy/util-base64" "^3.0.0"
    "@smithy/util-buffer-from" "^3.0.0"
    "@smithy/util-hex-encoding" "^3.0.0"
    "@smithy/util-utf8" "^3.0.0"
    tslib "^2.6.2"

"@smithy/util-uri-escape@^3.0.0":
  version "3.0.0"
  resolved "https://registry.yarnpkg.com/@smithy/util-uri-escape/-/util-uri-escape-3.0.0.tgz#e43358a78bf45d50bb736770077f0f09195b6f54"
  integrity sha512-LqR7qYLgZTD7nWLBecUi4aqolw8Mhza9ArpNEQ881MJJIU2sE5iHCK6TdyqqzcDLy0OPe10IY4T8ctVdtynubg==
  dependencies:
    tslib "^2.6.2"

"@smithy/util-utf8@^2.0.0":
  version "2.3.0"
  resolved "https://registry.yarnpkg.com/@smithy/util-utf8/-/util-utf8-2.3.0.tgz#dd96d7640363259924a214313c3cf16e7dd329c5"
  integrity sha512-R8Rdn8Hy72KKcebgLiv8jQcQkXoLMOGGv5uI1/k0l+snqkOzQ1R0ChUBCxWMlBsFMekWjq0wRudIweFs7sKT5A==
  dependencies:
    "@smithy/util-buffer-from" "^2.2.0"
    tslib "^2.6.2"

"@smithy/util-utf8@^3.0.0":
  version "3.0.0"
  resolved "https://registry.yarnpkg.com/@smithy/util-utf8/-/util-utf8-3.0.0.tgz#1a6a823d47cbec1fd6933e5fc87df975286d9d6a"
  integrity sha512-rUeT12bxFnplYDe815GXbq/oixEGHfRFFtcTF3YdDi/JaENIM6aSYYLJydG83UNzLXeRI5K8abYd/8Sp/QM0kA==
  dependencies:
    "@smithy/util-buffer-from" "^3.0.0"
    tslib "^2.6.2"

"@smithy/util-waiter@^3.1.8":
  version "3.1.9"
  resolved "https://registry.yarnpkg.com/@smithy/util-waiter/-/util-waiter-3.1.9.tgz#1330ce2e79b58419d67755d25bce7a226e32dc6d"
  integrity sha512-/aMXPANhMOlMPjfPtSrDfPeVP8l56SJlz93xeiLmhLe5xvlXA5T3abZ2ilEsDEPeY9T/wnN/vNGn9wa1SbufWA==
  dependencies:
    "@smithy/abort-controller" "^3.1.8"
    "@smithy/types" "^3.7.1"
    tslib "^2.6.2"

"@types/uuid@^9.0.1":
  version "9.0.8"
  resolved "https://registry.yarnpkg.com/@types/uuid/-/uuid-9.0.8.tgz#7545ba4fc3c003d6c756f651f3bf163d8f0f29ba"
  integrity sha512-jg+97EGIcY9AGHJJRaaPVgetKDsrTgbRjQ5Msgjh/DQKEFl0DtyRr/VCOyD1T2R1MNeWPK/u7JoGhlDZnKBAfA==

bowser@^2.11.0:
  version "2.11.0"
  resolved "https://registry.yarnpkg.com/bowser/-/bowser-2.11.0.tgz#5ca3c35757a7aa5771500c70a73a9f91ef420a8f"
  integrity sha512-AlcaJBi/pqqJBIQ8U9Mcpc9i8Aqxn88Skv5d+xBX006BY5u8N3mGLHa5Lgppa7L/HfwgwLgZ6NYs+Ag6uUmJRA==

fast-xml-parser@4.4.1:
  version "4.4.1"
  resolved "https://registry.yarnpkg.com/fast-xml-parser/-/fast-xml-parser-4.4.1.tgz#86dbf3f18edf8739326447bcaac31b4ae7f6514f"
  integrity sha512-xkjOecfnKGkSsOwtZ5Pz7Us/T6mrbPQrq0nh+aCO5V9nk5NLWmasAHumTKjiPJPWANe+kAZ84Jc8ooJkzZ88Sw==
  dependencies:
    strnum "^1.0.5"

strnum@^1.0.5:
  version "1.0.5"
  resolved "https://registry.yarnpkg.com/strnum/-/strnum-1.0.5.tgz#5c4e829fe15ad4ff0d20c3db5ac97b73c9b072db"
  integrity sha512-J8bbNyKKXl5qYcR36TIO8W3mVGVHrmmxsd5PAItGkmyzwJvybiw2IVq5nqd0i4LSNSkB/sx9VHllbfFdr9k1JA==

tslib@^2.5.0, tslib@^2.6.2:
  version "2.6.3"
  resolved "https://registry.yarnpkg.com/tslib/-/tslib-2.6.3.tgz#0438f810ad7a9edcde7a241c3d80db693c8cbfe0"
  integrity sha512-xNvxJEOUiWPGhUuUdQgAJPKOOJfGnIyKySOc09XkKsgdUV/3E2zvwZYdejjmRgPCgcym1juLH3226yA7sEFJKQ==

uuid@^9.0.1:
  version "9.0.1"
  resolved "https://registry.yarnpkg.com/uuid/-/uuid-9.0.1.tgz#e188d4c8853cc722220392c424cd637f32293f30"
  integrity sha512-b+1eJOlsR9K8HJpow9Ok3fiWOWSIcIzXodvv0rQjVoOVNpWMpxf1wZNpt4y9h10odCNrqnYp1OBzRktckBe3sA==
